// !$*UTF8*$!
{
	archiveVersion = 1;
	classes = {
	};
	objectVersion = 51;
	objects = {

/* Begin PBXBuildFile section */
		676C960922A8124F00E1FCB8 /* GoogleService-Info.plist in Resources */ = {isa = PBXBuildFile; fileRef = 676C960522A8124F00E1FCB8 /* GoogleService-Info.plist */; };
		676C960A22A8124F00E1FCB8 /* GoogleService-Info-test.plist in Resources */ = {isa = PBXBuildFile; fileRef = 676C960622A8124F00E1FCB8 /* GoogleService-Info-test.plist */; };
		676C960B22A8124F00E1FCB8 /* GoogleService-Info-dev.plist in Resources */ = {isa = PBXBuildFile; fileRef = 676C960722A8124F00E1FCB8 /* GoogleService-Info-dev.plist */; };
		676C960C22A8124F00E1FCB8 /* GoogleService-Info-mock.plist in Resources */ = {isa = PBXBuildFile; fileRef = 676C960822A8124F00E1FCB8 /* GoogleService-Info-mock.plist */; };
		67936A8A220DE42200D362E9 /* AppDelegate.swift in Sources */ = {isa = PBXBuildFile; fileRef = 67936A89220DE42200D362E9 /* AppDelegate.swift */; };
		67936A8C220DE42200D362E9 /* ViewController.swift in Sources */ = {isa = PBXBuildFile; fileRef = 67936A8B220DE42200D362E9 /* ViewController.swift */; };
		67936A8F220DE42200D362E9 /* Main.storyboard in Resources */ = {isa = PBXBuildFile; fileRef = 67936A8D220DE42200D362E9 /* Main.storyboard */; };
		67936A91220DE42300D362E9 /* Assets.xcassets in Resources */ = {isa = PBXBuildFile; fileRef = 67936A90220DE42300D362E9 /* Assets.xcassets */; };
		67936A94220DE42300D362E9 /* LaunchScreen.storyboard in Resources */ = {isa = PBXBuildFile; fileRef = 67936A92220DE42300D362E9 /* LaunchScreen.storyboard */; };
		67936A9F220DE42300D362E9 /* MobileCITests.swift in Sources */ = {isa = PBXBuildFile; fileRef = 67936A9E220DE42300D362E9 /* MobileCITests.swift */; };
		67936AC2220DF1E500D362E9 /* Localizable.strings in Resources */ = {isa = PBXBuildFile; fileRef = 67936AC4220DF1E500D362E9 /* Localizable.strings */; };
		67936AC8220DF42400D362E9 /* Login.storyboard in Resources */ = {isa = PBXBuildFile; fileRef = 67936AC7220DF42400D362E9 /* Login.storyboard */; };
		67936ACC220E044A00D362E9 /* LoginViewController.swift in Sources */ = {isa = PBXBuildFile; fileRef = 67936ACB220E044A00D362E9 /* LoginViewController.swift */; };
		67936ACE220E046000D362E9 /* LoginViewModel.swift in Sources */ = {isa = PBXBuildFile; fileRef = 67936ACD220E046000D362E9 /* LoginViewModel.swift */; };
		67936AD0220E063500D362E9 /* User.swift in Sources */ = {isa = PBXBuildFile; fileRef = 67936ACF220E063500D362E9 /* User.swift */; };
		67936AD2220E0AE400D362E9 /* UIAssembly.swift in Sources */ = {isa = PBXBuildFile; fileRef = 67936AD1220E0AE400D362E9 /* UIAssembly.swift */; };
		67936AD4220E117600D362E9 /* .swiftlint.yml in Resources */ = {isa = PBXBuildFile; fileRef = 67936AD3220E117600D362E9 /* .swiftlint.yml */; };
		67936AD7220E325D00D362E9 /* CucumberishLoader.m in Sources */ = {isa = PBXBuildFile; fileRef = 67936AD6220E325D00D362E9 /* CucumberishLoader.m */; };
		67C94A1F222587DD0051176B /* .swiftlint.yml in Resources */ = {isa = PBXBuildFile; fileRef = 67C94A1E222587DD0051176B /* .swiftlint.yml */; };
		67C94A262225A87F0051176B /* Features in Resources */ = {isa = PBXBuildFile; fileRef = 67C94A252225A87E0051176B /* Features */; };
		67EAB6F82216FB3E008CF908 /* RouteManager.swift in Sources */ = {isa = PBXBuildFile; fileRef = 67EAB6F72216FB3E008CF908 /* RouteManager.swift */; };
		67EAB6FA221700F7008CF908 /* ManagerAssembly.swift in Sources */ = {isa = PBXBuildFile; fileRef = 67EAB6F9221700F7008CF908 /* ManagerAssembly.swift */; };
		67EAB6FB22170F4C008CF908 /* CucumberishInitializer.swift in Sources */ = {isa = PBXBuildFile; fileRef = 67936AD8220E32E200D362E9 /* CucumberishInitializer.swift */; };
		67EEF49B22140263000747FB /* LoginScreen.swift in Sources */ = {isa = PBXBuildFile; fileRef = 67EEF49A22140263000747FB /* LoginScreen.swift */; };
		67EEF49D22140271000747FB /* Common.swift in Sources */ = {isa = PBXBuildFile; fileRef = 67EEF49C22140271000747FB /* Common.swift */; };
		67EEF4A2221439EC000747FB /* LoginScreenSteps.swift in Sources */ = {isa = PBXBuildFile; fileRef = 67EEF4A1221439EC000747FB /* LoginScreenSteps.swift */; };
		67EEF4A422143CE4000747FB /* NavigationSteps.swift in Sources */ = {isa = PBXBuildFile; fileRef = 67EEF4A322143CE4000747FB /* NavigationSteps.swift */; };
		67EEF4A622143D25000747FB /* Navigation.swift in Sources */ = {isa = PBXBuildFile; fileRef = 67EEF4A522143D25000747FB /* Navigation.swift */; };
		8BD6891DDC0A353A52B914AB /* Pods_MobileCITests.framework in Frameworks */ = {isa = PBXBuildFile; fileRef = D49209A9B8F271819E7441E4 /* Pods_MobileCITests.framework */; };
		E2255A420C088CCA06FEC0F6 /* Pods_MobileCIUITests.framework in Frameworks */ = {isa = PBXBuildFile; fileRef = 19132AD1699675C475E6B955 /* Pods_MobileCIUITests.framework */; };
		FF9B05DE6FE84BC8DB256E43 /* Pods_MobileCI.framework in Frameworks */ = {isa = PBXBuildFile; fileRef = EBCDAFA1758C1B79653A490B /* Pods_MobileCI.framework */; };
/* End PBXBuildFile section */

/* Begin PBXContainerItemProxy section */
		67936A9B220DE42300D362E9 /* PBXContainerItemProxy */ = {
			isa = PBXContainerItemProxy;
			containerPortal = 67936A7E220DE42200D362E9 /* Project object */;
			proxyType = 1;
			remoteGlobalIDString = 67936A85220DE42200D362E9;
			remoteInfo = MobileCI;
		};
		67936AA6220DE42300D362E9 /* PBXContainerItemProxy */ = {
			isa = PBXContainerItemProxy;
			containerPortal = 67936A7E220DE42200D362E9 /* Project object */;
			proxyType = 1;
			remoteGlobalIDString = 67936A85220DE42200D362E9;
			remoteInfo = MobileCI;
		};
/* End PBXContainerItemProxy section */

/* Begin PBXFileReference section */
		092EB376FDDF48601CF17335 /* Pods-MobileCITests.release.xcconfig */ = {isa = PBXFileReference; includeInIndex = 1; lastKnownFileType = text.xcconfig; name = "Pods-MobileCITests.release.xcconfig"; path = "Target Support Files/Pods-MobileCITests/Pods-MobileCITests.release.xcconfig"; sourceTree = "<group>"; };
		0985A376F3159E1D512CA190 /* Pods-MobileCITests.release-test.xcconfig */ = {isa = PBXFileReference; includeInIndex = 1; lastKnownFileType = text.xcconfig; name = "Pods-MobileCITests.release-test.xcconfig"; path = "Target Support Files/Pods-MobileCITests/Pods-MobileCITests.release-test.xcconfig"; sourceTree = "<group>"; };
		118D791E2C96E8C372194491 /* Pods-MobileCITests.debug-dev.xcconfig */ = {isa = PBXFileReference; includeInIndex = 1; lastKnownFileType = text.xcconfig; name = "Pods-MobileCITests.debug-dev.xcconfig"; path = "Target Support Files/Pods-MobileCITests/Pods-MobileCITests.debug-dev.xcconfig"; sourceTree = "<group>"; };
		19132AD1699675C475E6B955 /* Pods_MobileCIUITests.framework */ = {isa = PBXFileReference; explicitFileType = wrapper.framework; includeInIndex = 0; path = Pods_MobileCIUITests.framework; sourceTree = BUILT_PRODUCTS_DIR; };
		1F6B24256BF760003C3EC99B /* Pods-MobileCI.release-test.xcconfig */ = {isa = PBXFileReference; includeInIndex = 1; lastKnownFileType = text.xcconfig; name = "Pods-MobileCI.release-test.xcconfig"; path = "Target Support Files/Pods-MobileCI/Pods-MobileCI.release-test.xcconfig"; sourceTree = "<group>"; };
		2CBC85B70AF910BB4885AC1B /* Pods-MobileCITests.release-dev.xcconfig */ = {isa = PBXFileReference; includeInIndex = 1; lastKnownFileType = text.xcconfig; name = "Pods-MobileCITests.release-dev.xcconfig"; path = "Target Support Files/Pods-MobileCITests/Pods-MobileCITests.release-dev.xcconfig"; sourceTree = "<group>"; };
		528FA3B2E53C6D8C5308D959 /* Pods-MobileCI.debug-mock.xcconfig */ = {isa = PBXFileReference; includeInIndex = 1; lastKnownFileType = text.xcconfig; name = "Pods-MobileCI.debug-mock.xcconfig"; path = "Target Support Files/Pods-MobileCI/Pods-MobileCI.debug-mock.xcconfig"; sourceTree = "<group>"; };
		676C960522A8124F00E1FCB8 /* GoogleService-Info.plist */ = {isa = PBXFileReference; fileEncoding = 4; lastKnownFileType = text.plist.xml; path = "GoogleService-Info.plist"; sourceTree = "<group>"; };
		676C960622A8124F00E1FCB8 /* GoogleService-Info-test.plist */ = {isa = PBXFileReference; fileEncoding = 4; lastKnownFileType = text.plist.xml; path = "GoogleService-Info-test.plist"; sourceTree = "<group>"; };
		676C960722A8124F00E1FCB8 /* GoogleService-Info-dev.plist */ = {isa = PBXFileReference; fileEncoding = 4; lastKnownFileType = text.plist.xml; path = "GoogleService-Info-dev.plist"; sourceTree = "<group>"; };
		676C960822A8124F00E1FCB8 /* GoogleService-Info-mock.plist */ = {isa = PBXFileReference; fileEncoding = 4; lastKnownFileType = text.plist.xml; path = "GoogleService-Info-mock.plist"; sourceTree = "<group>"; };
		67936A86220DE42200D362E9 /* MobileCI.app */ = {isa = PBXFileReference; explicitFileType = wrapper.application; includeInIndex = 0; path = MobileCI.app; sourceTree = BUILT_PRODUCTS_DIR; };
		67936A89220DE42200D362E9 /* AppDelegate.swift */ = {isa = PBXFileReference; lastKnownFileType = sourcecode.swift; path = AppDelegate.swift; sourceTree = "<group>"; };
		67936A8B220DE42200D362E9 /* ViewController.swift */ = {isa = PBXFileReference; lastKnownFileType = sourcecode.swift; path = ViewController.swift; sourceTree = "<group>"; };
		67936A8E220DE42200D362E9 /* Base */ = {isa = PBXFileReference; lastKnownFileType = file.storyboard; name = Base; path = Base.lproj/Main.storyboard; sourceTree = "<group>"; };
		67936A90220DE42300D362E9 /* Assets.xcassets */ = {isa = PBXFileReference; lastKnownFileType = folder.assetcatalog; path = Assets.xcassets; sourceTree = "<group>"; };
		67936A93220DE42300D362E9 /* Base */ = {isa = PBXFileReference; lastKnownFileType = file.storyboard; name = Base; path = Base.lproj/LaunchScreen.storyboard; sourceTree = "<group>"; };
		67936A95220DE42300D362E9 /* Info.plist */ = {isa = PBXFileReference; lastKnownFileType = text.plist.xml; path = Info.plist; sourceTree = "<group>"; };
		67936A9A220DE42300D362E9 /* MobileCITests.xctest */ = {isa = PBXFileReference; explicitFileType = wrapper.cfbundle; includeInIndex = 0; path = MobileCITests.xctest; sourceTree = BUILT_PRODUCTS_DIR; };
		67936A9E220DE42300D362E9 /* MobileCITests.swift */ = {isa = PBXFileReference; lastKnownFileType = sourcecode.swift; path = MobileCITests.swift; sourceTree = "<group>"; };
		67936AA0220DE42300D362E9 /* Info.plist */ = {isa = PBXFileReference; lastKnownFileType = text.plist.xml; path = Info.plist; sourceTree = "<group>"; };
		67936AA5220DE42300D362E9 /* MobileCIUITests.xctest */ = {isa = PBXFileReference; explicitFileType = wrapper.cfbundle; includeInIndex = 0; path = MobileCIUITests.xctest; sourceTree = BUILT_PRODUCTS_DIR; };
		67936AAB220DE42300D362E9 /* Info.plist */ = {isa = PBXFileReference; lastKnownFileType = text.plist.xml; path = Info.plist; sourceTree = "<group>"; };
		67936AC3220DF1E500D362E9 /* en */ = {isa = PBXFileReference; lastKnownFileType = text.plist.strings; name = en; path = en.lproj/Localizable.strings; sourceTree = "<group>"; };
		67936AC5220DF1E600D362E9 /* hu */ = {isa = PBXFileReference; lastKnownFileType = text.plist.strings; name = hu; path = hu.lproj/Localizable.strings; sourceTree = "<group>"; };
		67936AC7220DF42400D362E9 /* Login.storyboard */ = {isa = PBXFileReference; lastKnownFileType = file.storyboard; path = Login.storyboard; sourceTree = "<group>"; };
		67936ACB220E044A00D362E9 /* LoginViewController.swift */ = {isa = PBXFileReference; lastKnownFileType = sourcecode.swift; path = LoginViewController.swift; sourceTree = "<group>"; };
		67936ACD220E046000D362E9 /* LoginViewModel.swift */ = {isa = PBXFileReference; lastKnownFileType = sourcecode.swift; path = LoginViewModel.swift; sourceTree = "<group>"; };
		67936ACF220E063500D362E9 /* User.swift */ = {isa = PBXFileReference; lastKnownFileType = sourcecode.swift; path = User.swift; sourceTree = "<group>"; };
		67936AD1220E0AE400D362E9 /* UIAssembly.swift */ = {isa = PBXFileReference; lastKnownFileType = sourcecode.swift; path = UIAssembly.swift; sourceTree = "<group>"; };
		67936AD3220E117600D362E9 /* .swiftlint.yml */ = {isa = PBXFileReference; lastKnownFileType = text; path = .swiftlint.yml; sourceTree = "<group>"; };
		67936AD5220E325D00D362E9 /* MobileCIUITests-Bridging-Header.h */ = {isa = PBXFileReference; lastKnownFileType = sourcecode.c.h; path = "MobileCIUITests-Bridging-Header.h"; sourceTree = "<group>"; };
		67936AD6220E325D00D362E9 /* CucumberishLoader.m */ = {isa = PBXFileReference; lastKnownFileType = sourcecode.c.objc; path = CucumberishLoader.m; sourceTree = "<group>"; };
		67936AD8220E32E200D362E9 /* CucumberishInitializer.swift */ = {isa = PBXFileReference; lastKnownFileType = sourcecode.swift; path = CucumberishInitializer.swift; sourceTree = "<group>"; };
		67C94A1E222587DD0051176B /* .swiftlint.yml */ = {isa = PBXFileReference; lastKnownFileType = text; path = .swiftlint.yml; sourceTree = "<group>"; };
		67C94A252225A87E0051176B /* Features */ = {isa = PBXFileReference; lastKnownFileType = folder; path = Features; sourceTree = "<group>"; };
		67EAB6F72216FB3E008CF908 /* RouteManager.swift */ = {isa = PBXFileReference; lastKnownFileType = sourcecode.swift; path = RouteManager.swift; sourceTree = "<group>"; };
		67EAB6F9221700F7008CF908 /* ManagerAssembly.swift */ = {isa = PBXFileReference; lastKnownFileType = sourcecode.swift; path = ManagerAssembly.swift; sourceTree = "<group>"; };
		67EEF49A22140263000747FB /* LoginScreen.swift */ = {isa = PBXFileReference; lastKnownFileType = sourcecode.swift; path = LoginScreen.swift; sourceTree = "<group>"; };
		67EEF49C22140271000747FB /* Common.swift */ = {isa = PBXFileReference; lastKnownFileType = sourcecode.swift; path = Common.swift; sourceTree = "<group>"; };
		67EEF4A1221439EC000747FB /* LoginScreenSteps.swift */ = {isa = PBXFileReference; lastKnownFileType = sourcecode.swift; path = LoginScreenSteps.swift; sourceTree = "<group>"; };
		67EEF4A322143CE4000747FB /* NavigationSteps.swift */ = {isa = PBXFileReference; lastKnownFileType = sourcecode.swift; path = NavigationSteps.swift; sourceTree = "<group>"; };
		67EEF4A522143D25000747FB /* Navigation.swift */ = {isa = PBXFileReference; lastKnownFileType = sourcecode.swift; path = Navigation.swift; sourceTree = "<group>"; };
		77F98A4EF2B730ED47EFC71A /* Pods-MobileCI.release.xcconfig */ = {isa = PBXFileReference; includeInIndex = 1; lastKnownFileType = text.xcconfig; name = "Pods-MobileCI.release.xcconfig"; path = "Target Support Files/Pods-MobileCI/Pods-MobileCI.release.xcconfig"; sourceTree = "<group>"; };
		79C7719BE7430BFF9F981847 /* Pods-MobileCIUITests.debug-mock.xcconfig */ = {isa = PBXFileReference; includeInIndex = 1; lastKnownFileType = text.xcconfig; name = "Pods-MobileCIUITests.debug-mock.xcconfig"; path = "Target Support Files/Pods-MobileCIUITests/Pods-MobileCIUITests.debug-mock.xcconfig"; sourceTree = "<group>"; };
		7A2A93B88F07C1BBF8CF3D37 /* Pods-MobileCITests.debug-test.xcconfig */ = {isa = PBXFileReference; includeInIndex = 1; lastKnownFileType = text.xcconfig; name = "Pods-MobileCITests.debug-test.xcconfig"; path = "Target Support Files/Pods-MobileCITests/Pods-MobileCITests.debug-test.xcconfig"; sourceTree = "<group>"; };
		85FD42BC41D8EB47EA75CA04 /* Pods-MobileCIUITests.debug.xcconfig */ = {isa = PBXFileReference; includeInIndex = 1; lastKnownFileType = text.xcconfig; name = "Pods-MobileCIUITests.debug.xcconfig"; path = "Target Support Files/Pods-MobileCIUITests/Pods-MobileCIUITests.debug.xcconfig"; sourceTree = "<group>"; };
		889028CA4CEC36B1A03D72E1 /* Pods-MobileCI.release-mock.xcconfig */ = {isa = PBXFileReference; includeInIndex = 1; lastKnownFileType = text.xcconfig; name = "Pods-MobileCI.release-mock.xcconfig"; path = "Target Support Files/Pods-MobileCI/Pods-MobileCI.release-mock.xcconfig"; sourceTree = "<group>"; };
		8B0369BEB790B64FAF2DC52A /* Pods-MobileCI.release-dev.xcconfig */ = {isa = PBXFileReference; includeInIndex = 1; lastKnownFileType = text.xcconfig; name = "Pods-MobileCI.release-dev.xcconfig"; path = "Target Support Files/Pods-MobileCI/Pods-MobileCI.release-dev.xcconfig"; sourceTree = "<group>"; };
		8BFF7B1082FF12146F6FBAC9 /* Pods-MobileCIUITests.release.xcconfig */ = {isa = PBXFileReference; includeInIndex = 1; lastKnownFileType = text.xcconfig; name = "Pods-MobileCIUITests.release.xcconfig"; path = "Target Support Files/Pods-MobileCIUITests/Pods-MobileCIUITests.release.xcconfig"; sourceTree = "<group>"; };
		A6FAEB91510EFB09E15E8247 /* Pods-MobileCIUITests.release-test.xcconfig */ = {isa = PBXFileReference; includeInIndex = 1; lastKnownFileType = text.xcconfig; name = "Pods-MobileCIUITests.release-test.xcconfig"; path = "Target Support Files/Pods-MobileCIUITests/Pods-MobileCIUITests.release-test.xcconfig"; sourceTree = "<group>"; };
		A9F0B9509ABDAAE92FA7426E /* Pods-MobileCITests.debug.xcconfig */ = {isa = PBXFileReference; includeInIndex = 1; lastKnownFileType = text.xcconfig; name = "Pods-MobileCITests.debug.xcconfig"; path = "Target Support Files/Pods-MobileCITests/Pods-MobileCITests.debug.xcconfig"; sourceTree = "<group>"; };
		AAE3A5928D69801DDC6E13F6 /* Pods-MobileCIUITests.release-dev.xcconfig */ = {isa = PBXFileReference; includeInIndex = 1; lastKnownFileType = text.xcconfig; name = "Pods-MobileCIUITests.release-dev.xcconfig"; path = "Target Support Files/Pods-MobileCIUITests/Pods-MobileCIUITests.release-dev.xcconfig"; sourceTree = "<group>"; };
		B3601999AACF9192849C395E /* Pods-MobileCIUITests.debug-test.xcconfig */ = {isa = PBXFileReference; includeInIndex = 1; lastKnownFileType = text.xcconfig; name = "Pods-MobileCIUITests.debug-test.xcconfig"; path = "Target Support Files/Pods-MobileCIUITests/Pods-MobileCIUITests.debug-test.xcconfig"; sourceTree = "<group>"; };
		B51924B4FD362E5CDBB563EE /* Pods-MobileCI.debug.xcconfig */ = {isa = PBXFileReference; includeInIndex = 1; lastKnownFileType = text.xcconfig; name = "Pods-MobileCI.debug.xcconfig"; path = "Target Support Files/Pods-MobileCI/Pods-MobileCI.debug.xcconfig"; sourceTree = "<group>"; };
		C8BF0DDB204D693BAD1E100B /* Pods-MobileCITests.release-mock.xcconfig */ = {isa = PBXFileReference; includeInIndex = 1; lastKnownFileType = text.xcconfig; name = "Pods-MobileCITests.release-mock.xcconfig"; path = "Target Support Files/Pods-MobileCITests/Pods-MobileCITests.release-mock.xcconfig"; sourceTree = "<group>"; };
		D2855C72EB570FEE24BEC8B0 /* Pods-MobileCI.debug-test.xcconfig */ = {isa = PBXFileReference; includeInIndex = 1; lastKnownFileType = text.xcconfig; name = "Pods-MobileCI.debug-test.xcconfig"; path = "Target Support Files/Pods-MobileCI/Pods-MobileCI.debug-test.xcconfig"; sourceTree = "<group>"; };
		D49209A9B8F271819E7441E4 /* Pods_MobileCITests.framework */ = {isa = PBXFileReference; explicitFileType = wrapper.framework; includeInIndex = 0; path = Pods_MobileCITests.framework; sourceTree = BUILT_PRODUCTS_DIR; };
		E42C33222FEC80A939DBF03E /* Pods-MobileCITests.debug-mock.xcconfig */ = {isa = PBXFileReference; includeInIndex = 1; lastKnownFileType = text.xcconfig; name = "Pods-MobileCITests.debug-mock.xcconfig"; path = "Target Support Files/Pods-MobileCITests/Pods-MobileCITests.debug-mock.xcconfig"; sourceTree = "<group>"; };
		EA8032E55A4C09AEC9999E4D /* Pods-MobileCIUITests.release-mock.xcconfig */ = {isa = PBXFileReference; includeInIndex = 1; lastKnownFileType = text.xcconfig; name = "Pods-MobileCIUITests.release-mock.xcconfig"; path = "Target Support Files/Pods-MobileCIUITests/Pods-MobileCIUITests.release-mock.xcconfig"; sourceTree = "<group>"; };
		EABEF9C31E0AEF37CD400678 /* Pods-MobileCI.debug-dev.xcconfig */ = {isa = PBXFileReference; includeInIndex = 1; lastKnownFileType = text.xcconfig; name = "Pods-MobileCI.debug-dev.xcconfig"; path = "Target Support Files/Pods-MobileCI/Pods-MobileCI.debug-dev.xcconfig"; sourceTree = "<group>"; };
		EBCDAFA1758C1B79653A490B /* Pods_MobileCI.framework */ = {isa = PBXFileReference; explicitFileType = wrapper.framework; includeInIndex = 0; path = Pods_MobileCI.framework; sourceTree = BUILT_PRODUCTS_DIR; };
		FA98DD09CB1CEE7E662E9C2A /* Pods-MobileCIUITests.debug-dev.xcconfig */ = {isa = PBXFileReference; includeInIndex = 1; lastKnownFileType = text.xcconfig; name = "Pods-MobileCIUITests.debug-dev.xcconfig"; path = "Target Support Files/Pods-MobileCIUITests/Pods-MobileCIUITests.debug-dev.xcconfig"; sourceTree = "<group>"; };
/* End PBXFileReference section */

/* Begin PBXFrameworksBuildPhase section */
		67936A83220DE42200D362E9 /* Frameworks */ = {
			isa = PBXFrameworksBuildPhase;
			buildActionMask = 2147483647;
			files = (
				FF9B05DE6FE84BC8DB256E43 /* Pods_MobileCI.framework in Frameworks */,
			);
			runOnlyForDeploymentPostprocessing = 0;
		};
		67936A97220DE42300D362E9 /* Frameworks */ = {
			isa = PBXFrameworksBuildPhase;
			buildActionMask = 2147483647;
			files = (
				8BD6891DDC0A353A52B914AB /* Pods_MobileCITests.framework in Frameworks */,
			);
			runOnlyForDeploymentPostprocessing = 0;
		};
		67936AA2220DE42300D362E9 /* Frameworks */ = {
			isa = PBXFrameworksBuildPhase;
			buildActionMask = 2147483647;
			files = (
				E2255A420C088CCA06FEC0F6 /* Pods_MobileCIUITests.framework in Frameworks */,
			);
			runOnlyForDeploymentPostprocessing = 0;
		};
/* End PBXFrameworksBuildPhase section */

/* Begin PBXGroup section */
		676C95FC22A8105F00E1FCB8 /* GoogleService-Info */ = {
			isa = PBXGroup;
			children = (
				676C960722A8124F00E1FCB8 /* GoogleService-Info-dev.plist */,
				676C960822A8124F00E1FCB8 /* GoogleService-Info-mock.plist */,
				676C960622A8124F00E1FCB8 /* GoogleService-Info-test.plist */,
				676C960522A8124F00E1FCB8 /* GoogleService-Info.plist */,
			);
			path = "GoogleService-Info";
			sourceTree = "<group>";
		};
		67936A7D220DE42200D362E9 = {
			isa = PBXGroup;
			children = (
				67936AD3220E117600D362E9 /* .swiftlint.yml */,
				67936A88220DE42200D362E9 /* MobileCI */,
				67936A9D220DE42300D362E9 /* MobileCITests */,
				67936AA8220DE42300D362E9 /* MobileCIUITests */,
				67936A87220DE42200D362E9 /* Products */,
				F88D15C831901C4AC2F14A61 /* Pods */,
				E8E2F9AC71AEA5A273A9085A /* Frameworks */,
			);
			sourceTree = "<group>";
		};
		67936A87220DE42200D362E9 /* Products */ = {
			isa = PBXGroup;
			children = (
				67936A86220DE42200D362E9 /* MobileCI.app */,
				67936A9A220DE42300D362E9 /* MobileCITests.xctest */,
				67936AA5220DE42300D362E9 /* MobileCIUITests.xctest */,
			);
			name = Products;
			sourceTree = "<group>";
		};
		67936A88220DE42200D362E9 /* MobileCI */ = {
			isa = PBXGroup;
			children = (
				67936AB9220DEFF200D362E9 /* Assembly */,
				67EAB6F62216FB13008CF908 /* Manager */,
				67936ABA220DF00100D362E9 /* Model */,
				67936ABB220DF01900D362E9 /* UseCase */,
				67936ABC220DF04800D362E9 /* View */,
				67936AB8220DEFD100D362E9 /* Supporting Files */,
				67936A89220DE42200D362E9 /* AppDelegate.swift */,
			);
			path = MobileCI;
			sourceTree = "<group>";
		};
		67936A9D220DE42300D362E9 /* MobileCITests */ = {
			isa = PBXGroup;
			children = (
				67936A9E220DE42300D362E9 /* MobileCITests.swift */,
				67936AA0220DE42300D362E9 /* Info.plist */,
			);
			path = MobileCITests;
			sourceTree = "<group>";
		};
		67936AA8220DE42300D362E9 /* MobileCIUITests */ = {
			isa = PBXGroup;
			children = (
				67C94A252225A87E0051176B /* Features */,
				67C94A1E222587DD0051176B /* .swiftlint.yml */,
				67EEF49822140211000747FB /* Screens */,
				67EEF4992214021C000747FB /* StepsDefinition */,
				67936AAB220DE42300D362E9 /* Info.plist */,
				67936AD6220E325D00D362E9 /* CucumberishLoader.m */,
				67936AD5220E325D00D362E9 /* MobileCIUITests-Bridging-Header.h */,
				67936AD8220E32E200D362E9 /* CucumberishInitializer.swift */,
			);
			path = MobileCIUITests;
			sourceTree = "<group>";
		};
		67936AB8220DEFD100D362E9 /* Supporting Files */ = {
			isa = PBXGroup;
			children = (
				676C95FC22A8105F00E1FCB8 /* GoogleService-Info */,
				67936A90220DE42300D362E9 /* Assets.xcassets */,
				67936A95220DE42300D362E9 /* Info.plist */,
				67936AC4220DF1E500D362E9 /* Localizable.strings */,
			);
			path = "Supporting Files";
			sourceTree = "<group>";
		};
		67936AB9220DEFF200D362E9 /* Assembly */ = {
			isa = PBXGroup;
			children = (
				67936AD1220E0AE400D362E9 /* UIAssembly.swift */,
				67EAB6F9221700F7008CF908 /* ManagerAssembly.swift */,
			);
			path = Assembly;
			sourceTree = "<group>";
		};
		67936ABA220DF00100D362E9 /* Model */ = {
			isa = PBXGroup;
			children = (
				67936ACF220E063500D362E9 /* User.swift */,
			);
			path = Model;
			sourceTree = "<group>";
		};
		67936ABB220DF01900D362E9 /* UseCase */ = {
			isa = PBXGroup;
			children = (
				67936ACA220E041400D362E9 /* Home */,
				67936AC6220DF3E400D362E9 /* Login */,
			);
			path = UseCase;
			sourceTree = "<group>";
		};
		67936ABC220DF04800D362E9 /* View */ = {
			isa = PBXGroup;
			children = (
				67936A92220DE42300D362E9 /* LaunchScreen.storyboard */,
				67936A8D220DE42200D362E9 /* Main.storyboard */,
				67936AC7220DF42400D362E9 /* Login.storyboard */,
			);
			path = View;
			sourceTree = "<group>";
		};
		67936AC6220DF3E400D362E9 /* Login */ = {
			isa = PBXGroup;
			children = (
				67936ACB220E044A00D362E9 /* LoginViewController.swift */,
				67936ACD220E046000D362E9 /* LoginViewModel.swift */,
			);
			path = Login;
			sourceTree = "<group>";
		};
		67936ACA220E041400D362E9 /* Home */ = {
			isa = PBXGroup;
			children = (
				67936A8B220DE42200D362E9 /* ViewController.swift */,
			);
			path = Home;
			sourceTree = "<group>";
		};
		67EAB6F62216FB13008CF908 /* Manager */ = {
			isa = PBXGroup;
			children = (
				67EAB6F72216FB3E008CF908 /* RouteManager.swift */,
			);
			path = Manager;
			sourceTree = "<group>";
		};
		67EEF49822140211000747FB /* Screens */ = {
			isa = PBXGroup;
			children = (
				67EEF49C22140271000747FB /* Common.swift */,
				67EEF4A522143D25000747FB /* Navigation.swift */,
				67EEF49A22140263000747FB /* LoginScreen.swift */,
			);
			path = Screens;
			sourceTree = "<group>";
		};
		67EEF4992214021C000747FB /* StepsDefinition */ = {
			isa = PBXGroup;
			children = (
				67EEF4A1221439EC000747FB /* LoginScreenSteps.swift */,
				67EEF4A322143CE4000747FB /* NavigationSteps.swift */,
			);
			path = StepsDefinition;
			sourceTree = "<group>";
		};
		E8E2F9AC71AEA5A273A9085A /* Frameworks */ = {
			isa = PBXGroup;
			children = (
				EBCDAFA1758C1B79653A490B /* Pods_MobileCI.framework */,
				D49209A9B8F271819E7441E4 /* Pods_MobileCITests.framework */,
				19132AD1699675C475E6B955 /* Pods_MobileCIUITests.framework */,
			);
			name = Frameworks;
			sourceTree = "<group>";
		};
		F88D15C831901C4AC2F14A61 /* Pods */ = {
			isa = PBXGroup;
			children = (
				B51924B4FD362E5CDBB563EE /* Pods-MobileCI.debug.xcconfig */,
				D2855C72EB570FEE24BEC8B0 /* Pods-MobileCI.debug-test.xcconfig */,
				EABEF9C31E0AEF37CD400678 /* Pods-MobileCI.debug-dev.xcconfig */,
				528FA3B2E53C6D8C5308D959 /* Pods-MobileCI.debug-mock.xcconfig */,
				77F98A4EF2B730ED47EFC71A /* Pods-MobileCI.release.xcconfig */,
				1F6B24256BF760003C3EC99B /* Pods-MobileCI.release-test.xcconfig */,
				8B0369BEB790B64FAF2DC52A /* Pods-MobileCI.release-dev.xcconfig */,
				889028CA4CEC36B1A03D72E1 /* Pods-MobileCI.release-mock.xcconfig */,
				A9F0B9509ABDAAE92FA7426E /* Pods-MobileCITests.debug.xcconfig */,
				7A2A93B88F07C1BBF8CF3D37 /* Pods-MobileCITests.debug-test.xcconfig */,
				118D791E2C96E8C372194491 /* Pods-MobileCITests.debug-dev.xcconfig */,
				E42C33222FEC80A939DBF03E /* Pods-MobileCITests.debug-mock.xcconfig */,
				092EB376FDDF48601CF17335 /* Pods-MobileCITests.release.xcconfig */,
				0985A376F3159E1D512CA190 /* Pods-MobileCITests.release-test.xcconfig */,
				2CBC85B70AF910BB4885AC1B /* Pods-MobileCITests.release-dev.xcconfig */,
				C8BF0DDB204D693BAD1E100B /* Pods-MobileCITests.release-mock.xcconfig */,
				85FD42BC41D8EB47EA75CA04 /* Pods-MobileCIUITests.debug.xcconfig */,
				B3601999AACF9192849C395E /* Pods-MobileCIUITests.debug-test.xcconfig */,
				FA98DD09CB1CEE7E662E9C2A /* Pods-MobileCIUITests.debug-dev.xcconfig */,
				79C7719BE7430BFF9F981847 /* Pods-MobileCIUITests.debug-mock.xcconfig */,
				8BFF7B1082FF12146F6FBAC9 /* Pods-MobileCIUITests.release.xcconfig */,
				A6FAEB91510EFB09E15E8247 /* Pods-MobileCIUITests.release-test.xcconfig */,
				AAE3A5928D69801DDC6E13F6 /* Pods-MobileCIUITests.release-dev.xcconfig */,
				EA8032E55A4C09AEC9999E4D /* Pods-MobileCIUITests.release-mock.xcconfig */,
			);
			path = Pods;
			sourceTree = "<group>";
		};
/* End PBXGroup section */

/* Begin PBXNativeTarget section */
		67936A85220DE42200D362E9 /* MobileCI */ = {
			isa = PBXNativeTarget;
			buildConfigurationList = 67936AAE220DE42300D362E9 /* Build configuration list for PBXNativeTarget "MobileCI" */;
			buildPhases = (
				BF1AF77321AF2269E766C2B8 /* [CP] Check Pods Manifest.lock */,
				67936AB7220DEE5F00D362E9 /* [Run Script] Swiftlint */,
				67104A8822B0296C00515570 /* [Run Script] Firebase environment setup */,
				67936A82220DE42200D362E9 /* Sources */,
				67936A83220DE42200D362E9 /* Frameworks */,
				67936A84220DE42200D362E9 /* Resources */,
				67104A8922B04F2E00515570 /* [Run Script] Fabric */,
				CD5E558E6ECAC77AE9541787 /* [CP] Embed Pods Frameworks */,
			);
			buildRules = (
			);
			dependencies = (
			);
			name = MobileCI;
			productName = MobileCI;
			productReference = 67936A86220DE42200D362E9 /* MobileCI.app */;
			productType = "com.apple.product-type.application";
		};
		67936A99220DE42300D362E9 /* MobileCITests */ = {
			isa = PBXNativeTarget;
			buildConfigurationList = 67936AB1220DE42300D362E9 /* Build configuration list for PBXNativeTarget "MobileCITests" */;
			buildPhases = (
				BB1EA66F4DB11AD6D0C53474 /* [CP] Check Pods Manifest.lock */,
				67936A96220DE42300D362E9 /* Sources */,
				67936A97220DE42300D362E9 /* Frameworks */,
				67936A98220DE42300D362E9 /* Resources */,
				CA99618898E6A40EEE38C0A6 /* [CP] Embed Pods Frameworks */,
			);
			buildRules = (
			);
			dependencies = (
				67936A9C220DE42300D362E9 /* PBXTargetDependency */,
			);
			name = MobileCITests;
			productName = MobileCITests;
			productReference = 67936A9A220DE42300D362E9 /* MobileCITests.xctest */;
			productType = "com.apple.product-type.bundle.unit-test";
		};
		67936AA4220DE42300D362E9 /* MobileCIUITests */ = {
			isa = PBXNativeTarget;
			buildConfigurationList = 67936AB4220DE42300D362E9 /* Build configuration list for PBXNativeTarget "MobileCIUITests" */;
			buildPhases = (
				7C952701AE559116A00CD27E /* [CP] Check Pods Manifest.lock */,
				67936AA1220DE42300D362E9 /* Sources */,
				67936AA2220DE42300D362E9 /* Frameworks */,
				67936AA3220DE42300D362E9 /* Resources */,
				A26DF703AED301C8D2D2C5CB /* [CP] Embed Pods Frameworks */,
			);
			buildRules = (
			);
			dependencies = (
				67936AA7220DE42300D362E9 /* PBXTargetDependency */,
			);
			name = MobileCIUITests;
			productName = MobileCIUITests;
			productReference = 67936AA5220DE42300D362E9 /* MobileCIUITests.xctest */;
			productType = "com.apple.product-type.bundle.ui-testing";
		};
/* End PBXNativeTarget section */

/* Begin PBXProject section */
		67936A7E220DE42200D362E9 /* Project object */ = {
			isa = PBXProject;
			attributes = {
				LastSwiftUpdateCheck = 1020;
				LastUpgradeCheck = 1010;
				ORGANIZATIONNAME = "Domonkos Pal";
				TargetAttributes = {
					67936A85220DE42200D362E9 = {
						CreatedOnToolsVersion = 10.1;
						LastSwiftMigration = 1110;
					};
					67936A99220DE42300D362E9 = {
						CreatedOnToolsVersion = 10.1;
						LastSwiftMigration = 1110;
						ProvisioningStyle = Manual;
						TestTargetID = 67936A85220DE42200D362E9;
					};
					67936AA4220DE42300D362E9 = {
						CreatedOnToolsVersion = 10.1;
						LastSwiftMigration = 1110;
						ProvisioningStyle = Manual;
						TestTargetID = 67936A85220DE42200D362E9;
					};
				};
			};
			buildConfigurationList = 67936A81220DE42200D362E9 /* Build configuration list for PBXProject "MobileCI" */;
			compatibilityVersion = "Xcode 9.3";
			developmentRegion = en;
			hasScannedForEncodings = 0;
			knownRegions = (
				en,
				Base,
				hu,
			);
			mainGroup = 67936A7D220DE42200D362E9;
			productRefGroup = 67936A87220DE42200D362E9 /* Products */;
			projectDirPath = "";
			projectRoot = "";
			targets = (
				67936A85220DE42200D362E9 /* MobileCI */,
				67936A99220DE42300D362E9 /* MobileCITests */,
				67936AA4220DE42300D362E9 /* MobileCIUITests */,
			);
		};
/* End PBXProject section */

/* Begin PBXResourcesBuildPhase section */
		67936A84220DE42200D362E9 /* Resources */ = {
			isa = PBXResourcesBuildPhase;
			buildActionMask = 2147483647;
			files = (
				67936AD4220E117600D362E9 /* .swiftlint.yml in Resources */,
				67936A94220DE42300D362E9 /* LaunchScreen.storyboard in Resources */,
				67936AC2220DF1E500D362E9 /* Localizable.strings in Resources */,
				676C960A22A8124F00E1FCB8 /* GoogleService-Info-test.plist in Resources */,
				676C960B22A8124F00E1FCB8 /* GoogleService-Info-dev.plist in Resources */,
				676C960C22A8124F00E1FCB8 /* GoogleService-Info-mock.plist in Resources */,
				67936A91220DE42300D362E9 /* Assets.xcassets in Resources */,
				67936AC8220DF42400D362E9 /* Login.storyboard in Resources */,
				67936A8F220DE42200D362E9 /* Main.storyboard in Resources */,
				676C960922A8124F00E1FCB8 /* GoogleService-Info.plist in Resources */,
			);
			runOnlyForDeploymentPostprocessing = 0;
		};
		67936A98220DE42300D362E9 /* Resources */ = {
			isa = PBXResourcesBuildPhase;
			buildActionMask = 2147483647;
			files = (
			);
			runOnlyForDeploymentPostprocessing = 0;
		};
		67936AA3220DE42300D362E9 /* Resources */ = {
			isa = PBXResourcesBuildPhase;
			buildActionMask = 2147483647;
			files = (
				67C94A1F222587DD0051176B /* .swiftlint.yml in Resources */,
				67C94A262225A87F0051176B /* Features in Resources */,
			);
			runOnlyForDeploymentPostprocessing = 0;
		};
/* End PBXResourcesBuildPhase section */

/* Begin PBXShellScriptBuildPhase section */
		67104A8822B0296C00515570 /* [Run Script] Firebase environment setup */ = {
			isa = PBXShellScriptBuildPhase;
			buildActionMask = 2147483647;
			files = (
			);
			inputFileListPaths = (
			);
			inputPaths = (
			);
			name = "[Run Script] Firebase environment setup";
			outputFileListPaths = (
			);
			outputPaths = (
			);
			runOnlyForDeploymentPostprocessing = 0;
			shellPath = /bin/sh;
			shellScript = "\nif [ \"${PRODUCT_BUNDLE_IDENTIFIER}\" == \"hu.dpal-demo.MobileCI\" ]; then\ncp -r \"${PROJECT_DIR}/MobileCI/Supporting Files/GoogleService-Info/GoogleService-Info.plist\" \"${BUILT_PRODUCTS_DIR}/${PRODUCT_NAME}.app/GoogleService-Info.plist\"\nelif [ \"${PRODUCT_BUNDLE_IDENTIFIER}\" == \"hu.dpal-demo.MobileCI.test\" ]; then\ncp -r \"${PROJECT_DIR}/MobileCI/Supporting Files/GoogleService-Info/GoogleService-Info-test.plist\" \"${BUILT_PRODUCTS_DIR}/${PRODUCT_NAME}.app/GoogleService-Info.plist\"\nelif [ \"${PRODUCT_BUNDLE_IDENTIFIER}\" == \"hu.dpal-demo.MobileCI.dev\" ]; then\ncp -r \"${PROJECT_DIR}/MobileCI/Supporting Files/GoogleService-Info/GoogleService-Info-dev.plist\" \"${BUILT_PRODUCTS_DIR}/${PRODUCT_NAME}.app/GoogleService-Info.plist\"\nelif [ \"${PRODUCT_BUNDLE_IDENTIFIER}\" == \"hu.dpal-demo.MobileCI.mock\" ]; then\ncp -r \"${PROJECT_DIR}/MobileCI/Supporting Files/GoogleService-Info/GoogleService-Info-mock.plist\" \"${BUILT_PRODUCTS_DIR}/${PRODUCT_NAME}.app/GoogleService-Info.plist\"\nfi\n\n";
		};
		67104A8922B04F2E00515570 /* [Run Script] Fabric */ = {
			isa = PBXShellScriptBuildPhase;
			buildActionMask = 12;
			files = (
			);
			inputFileListPaths = (
			);
			inputPaths = (
				"$(SRCROOT)/$(BUILT_PRODUCTS_DIR)/$(INFOPLIST_PATH)",
			);
			name = "[Run Script] Fabric";
			outputFileListPaths = (
			);
			outputPaths = (
			);
			runOnlyForDeploymentPostprocessing = 0;
			shellPath = /bin/sh;
			shellScript = "${PODS_ROOT}/Fabric/run\n";
		};
		67936AB7220DEE5F00D362E9 /* [Run Script] Swiftlint */ = {
			isa = PBXShellScriptBuildPhase;
			buildActionMask = 2147483647;
			files = (
			);
			inputPaths = (
			);
			name = "[Run Script] Swiftlint";
			outputPaths = (
			);
			runOnlyForDeploymentPostprocessing = 0;
			shellPath = /bin/sh;
			shellScript = "set -e\n\nif which ${PODS_ROOT}/SwiftLint/swiftlint >/dev/null; then\n    ${PODS_ROOT}/SwiftLint/swiftlint\nelse\n    echo \"warning: SwiftLint not installed, download from https://github.com/realm/SwiftLint\"\nfi\n\n";
		};
		7C952701AE559116A00CD27E /* [CP] Check Pods Manifest.lock */ = {
			isa = PBXShellScriptBuildPhase;
			buildActionMask = 2147483647;
			files = (
			);
			inputFileListPaths = (
			);
			inputPaths = (
				"${PODS_PODFILE_DIR_PATH}/Podfile.lock",
				"${PODS_ROOT}/Manifest.lock",
			);
			name = "[CP] Check Pods Manifest.lock";
			outputFileListPaths = (
			);
			outputPaths = (
				"$(DERIVED_FILE_DIR)/Pods-MobileCIUITests-checkManifestLockResult.txt",
			);
			runOnlyForDeploymentPostprocessing = 0;
			shellPath = /bin/sh;
			shellScript = "diff \"${PODS_PODFILE_DIR_PATH}/Podfile.lock\" \"${PODS_ROOT}/Manifest.lock\" > /dev/null\nif [ $? != 0 ] ; then\n    # print error to STDERR\n    echo \"error: The sandbox is not in sync with the Podfile.lock. Run 'pod install' or update your CocoaPods installation.\" >&2\n    exit 1\nfi\n# This output is used by Xcode 'outputs' to avoid re-running this script phase.\necho \"SUCCESS\" > \"${SCRIPT_OUTPUT_FILE_0}\"\n";
			showEnvVarsInLog = 0;
		};
		A26DF703AED301C8D2D2C5CB /* [CP] Embed Pods Frameworks */ = {
			isa = PBXShellScriptBuildPhase;
			buildActionMask = 2147483647;
			files = (
			);
			inputFileListPaths = (
				"${PODS_ROOT}/Target Support Files/Pods-MobileCIUITests/Pods-MobileCIUITests-frameworks-${CONFIGURATION}-input-files.xcfilelist",
			);
			name = "[CP] Embed Pods Frameworks";
			outputFileListPaths = (
				"${PODS_ROOT}/Target Support Files/Pods-MobileCIUITests/Pods-MobileCIUITests-frameworks-${CONFIGURATION}-output-files.xcfilelist",
			);
			runOnlyForDeploymentPostprocessing = 0;
			shellPath = /bin/sh;
			shellScript = "\"${PODS_ROOT}/Target Support Files/Pods-MobileCIUITests/Pods-MobileCIUITests-frameworks.sh\"\n";
			showEnvVarsInLog = 0;
		};
		BB1EA66F4DB11AD6D0C53474 /* [CP] Check Pods Manifest.lock */ = {
			isa = PBXShellScriptBuildPhase;
			buildActionMask = 2147483647;
			files = (
			);
			inputFileListPaths = (
			);
			inputPaths = (
				"${PODS_PODFILE_DIR_PATH}/Podfile.lock",
				"${PODS_ROOT}/Manifest.lock",
			);
			name = "[CP] Check Pods Manifest.lock";
			outputFileListPaths = (
			);
			outputPaths = (
				"$(DERIVED_FILE_DIR)/Pods-MobileCITests-checkManifestLockResult.txt",
			);
			runOnlyForDeploymentPostprocessing = 0;
			shellPath = /bin/sh;
			shellScript = "diff \"${PODS_PODFILE_DIR_PATH}/Podfile.lock\" \"${PODS_ROOT}/Manifest.lock\" > /dev/null\nif [ $? != 0 ] ; then\n    # print error to STDERR\n    echo \"error: The sandbox is not in sync with the Podfile.lock. Run 'pod install' or update your CocoaPods installation.\" >&2\n    exit 1\nfi\n# This output is used by Xcode 'outputs' to avoid re-running this script phase.\necho \"SUCCESS\" > \"${SCRIPT_OUTPUT_FILE_0}\"\n";
			showEnvVarsInLog = 0;
		};
		BF1AF77321AF2269E766C2B8 /* [CP] Check Pods Manifest.lock */ = {
			isa = PBXShellScriptBuildPhase;
			buildActionMask = 2147483647;
			files = (
			);
			inputFileListPaths = (
			);
			inputPaths = (
				"${PODS_PODFILE_DIR_PATH}/Podfile.lock",
				"${PODS_ROOT}/Manifest.lock",
			);
			name = "[CP] Check Pods Manifest.lock";
			outputFileListPaths = (
			);
			outputPaths = (
				"$(DERIVED_FILE_DIR)/Pods-MobileCI-checkManifestLockResult.txt",
			);
			runOnlyForDeploymentPostprocessing = 0;
			shellPath = /bin/sh;
			shellScript = "diff \"${PODS_PODFILE_DIR_PATH}/Podfile.lock\" \"${PODS_ROOT}/Manifest.lock\" > /dev/null\nif [ $? != 0 ] ; then\n    # print error to STDERR\n    echo \"error: The sandbox is not in sync with the Podfile.lock. Run 'pod install' or update your CocoaPods installation.\" >&2\n    exit 1\nfi\n# This output is used by Xcode 'outputs' to avoid re-running this script phase.\necho \"SUCCESS\" > \"${SCRIPT_OUTPUT_FILE_0}\"\n";
			showEnvVarsInLog = 0;
		};
		CA99618898E6A40EEE38C0A6 /* [CP] Embed Pods Frameworks */ = {
			isa = PBXShellScriptBuildPhase;
			buildActionMask = 2147483647;
			files = (
			);
			inputFileListPaths = (
				"${PODS_ROOT}/Target Support Files/Pods-MobileCITests/Pods-MobileCITests-frameworks-${CONFIGURATION}-input-files.xcfilelist",
			);
			name = "[CP] Embed Pods Frameworks";
			outputFileListPaths = (
				"${PODS_ROOT}/Target Support Files/Pods-MobileCITests/Pods-MobileCITests-frameworks-${CONFIGURATION}-output-files.xcfilelist",
			);
			runOnlyForDeploymentPostprocessing = 0;
			shellPath = /bin/sh;
			shellScript = "\"${PODS_ROOT}/Target Support Files/Pods-MobileCITests/Pods-MobileCITests-frameworks.sh\"\n";
			showEnvVarsInLog = 0;
		};
		CD5E558E6ECAC77AE9541787 /* [CP] Embed Pods Frameworks */ = {
			isa = PBXShellScriptBuildPhase;
			buildActionMask = 2147483647;
			files = (
			);
			inputFileListPaths = (
				"${PODS_ROOT}/Target Support Files/Pods-MobileCI/Pods-MobileCI-frameworks-${CONFIGURATION}-input-files.xcfilelist",
			);
			name = "[CP] Embed Pods Frameworks";
			outputFileListPaths = (
				"${PODS_ROOT}/Target Support Files/Pods-MobileCI/Pods-MobileCI-frameworks-${CONFIGURATION}-output-files.xcfilelist",
			);
			runOnlyForDeploymentPostprocessing = 0;
			shellPath = /bin/sh;
			shellScript = "\"${PODS_ROOT}/Target Support Files/Pods-MobileCI/Pods-MobileCI-frameworks.sh\"\n";
			showEnvVarsInLog = 0;
		};
/* End PBXShellScriptBuildPhase section */

/* Begin PBXSourcesBuildPhase section */
		67936A82220DE42200D362E9 /* Sources */ = {
			isa = PBXSourcesBuildPhase;
			buildActionMask = 2147483647;
			files = (
				67936ACE220E046000D362E9 /* LoginViewModel.swift in Sources */,
				67936ACC220E044A00D362E9 /* LoginViewController.swift in Sources */,
				67936A8C220DE42200D362E9 /* ViewController.swift in Sources */,
				67EAB6FA221700F7008CF908 /* ManagerAssembly.swift in Sources */,
				67936AD2220E0AE400D362E9 /* UIAssembly.swift in Sources */,
				67936AD0220E063500D362E9 /* User.swift in Sources */,
				67EAB6F82216FB3E008CF908 /* RouteManager.swift in Sources */,
				67936A8A220DE42200D362E9 /* AppDelegate.swift in Sources */,
			);
			runOnlyForDeploymentPostprocessing = 0;
		};
		67936A96220DE42300D362E9 /* Sources */ = {
			isa = PBXSourcesBuildPhase;
			buildActionMask = 2147483647;
			files = (
				67936A9F220DE42300D362E9 /* MobileCITests.swift in Sources */,
			);
			runOnlyForDeploymentPostprocessing = 0;
		};
		67936AA1220DE42300D362E9 /* Sources */ = {
			isa = PBXSourcesBuildPhase;
			buildActionMask = 2147483647;
			files = (
				67EEF49B22140263000747FB /* LoginScreen.swift in Sources */,
				67EEF4A622143D25000747FB /* Navigation.swift in Sources */,
				67EEF4A2221439EC000747FB /* LoginScreenSteps.swift in Sources */,
				67EEF4A422143CE4000747FB /* NavigationSteps.swift in Sources */,
				67EAB6FB22170F4C008CF908 /* CucumberishInitializer.swift in Sources */,
				67EEF49D22140271000747FB /* Common.swift in Sources */,
				67936AD7220E325D00D362E9 /* CucumberishLoader.m in Sources */,
			);
			runOnlyForDeploymentPostprocessing = 0;
		};
/* End PBXSourcesBuildPhase section */

/* Begin PBXTargetDependency section */
		67936A9C220DE42300D362E9 /* PBXTargetDependency */ = {
			isa = PBXTargetDependency;
			target = 67936A85220DE42200D362E9 /* MobileCI */;
			targetProxy = 67936A9B220DE42300D362E9 /* PBXContainerItemProxy */;
		};
		67936AA7220DE42300D362E9 /* PBXTargetDependency */ = {
			isa = PBXTargetDependency;
			target = 67936A85220DE42200D362E9 /* MobileCI */;
			targetProxy = 67936AA6220DE42300D362E9 /* PBXContainerItemProxy */;
		};
/* End PBXTargetDependency section */

/* Begin PBXVariantGroup section */
		67936A8D220DE42200D362E9 /* Main.storyboard */ = {
			isa = PBXVariantGroup;
			children = (
				67936A8E220DE42200D362E9 /* Base */,
			);
			name = Main.storyboard;
			sourceTree = "<group>";
		};
		67936A92220DE42300D362E9 /* LaunchScreen.storyboard */ = {
			isa = PBXVariantGroup;
			children = (
				67936A93220DE42300D362E9 /* Base */,
			);
			name = LaunchScreen.storyboard;
			sourceTree = "<group>";
		};
		67936AC4220DF1E500D362E9 /* Localizable.strings */ = {
			isa = PBXVariantGroup;
			children = (
				67936AC3220DF1E500D362E9 /* en */,
				67936AC5220DF1E600D362E9 /* hu */,
			);
			name = Localizable.strings;
			sourceTree = "<group>";
		};
/* End PBXVariantGroup section */

/* Begin XCBuildConfiguration section */
		672976E022989D4200EC3181 /* Debug-MOCK */ = {
			isa = XCBuildConfiguration;
			buildSettings = {
				ALWAYS_SEARCH_USER_PATHS = NO;
				CLANG_ANALYZER_LOCALIZABILITY_NONLOCALIZED = YES;
				CLANG_ANALYZER_NONNULL = YES;
				CLANG_ANALYZER_NUMBER_OBJECT_CONVERSION = YES_AGGRESSIVE;
				CLANG_CXX_LANGUAGE_STANDARD = "gnu++14";
				CLANG_CXX_LIBRARY = "libc++";
				CLANG_ENABLE_MODULES = YES;
				CLANG_ENABLE_OBJC_ARC = YES;
				CLANG_ENABLE_OBJC_WEAK = YES;
				CLANG_WARN_BLOCK_CAPTURE_AUTORELEASING = YES;
				CLANG_WARN_BOOL_CONVERSION = YES;
				CLANG_WARN_COMMA = YES;
				CLANG_WARN_CONSTANT_CONVERSION = YES;
				CLANG_WARN_DEPRECATED_OBJC_IMPLEMENTATIONS = YES;
				CLANG_WARN_DIRECT_OBJC_ISA_USAGE = YES_ERROR;
				CLANG_WARN_DOCUMENTATION_COMMENTS = YES;
				CLANG_WARN_EMPTY_BODY = YES;
				CLANG_WARN_ENUM_CONVERSION = YES;
				CLANG_WARN_INFINITE_RECURSION = YES;
				CLANG_WARN_INT_CONVERSION = YES;
				CLANG_WARN_NON_LITERAL_NULL_CONVERSION = YES;
				CLANG_WARN_OBJC_IMPLICIT_RETAIN_SELF = YES;
				CLANG_WARN_OBJC_LITERAL_CONVERSION = YES;
				CLANG_WARN_OBJC_ROOT_CLASS = YES_ERROR;
				CLANG_WARN_RANGE_LOOP_ANALYSIS = YES;
				CLANG_WARN_STRICT_PROTOTYPES = YES;
				CLANG_WARN_SUSPICIOUS_MOVE = YES;
				CLANG_WARN_UNGUARDED_AVAILABILITY = YES_AGGRESSIVE;
				CLANG_WARN_UNREACHABLE_CODE = YES;
				CLANG_WARN__DUPLICATE_METHOD_MATCH = YES;
				CODE_SIGN_IDENTITY = "iPhone Developer";
				COPY_PHASE_STRIP = NO;
				DEBUG_INFORMATION_FORMAT = dwarf;
				ENABLE_STRICT_OBJC_MSGSEND = YES;
				ENABLE_TESTABILITY = YES;
				GCC_C_LANGUAGE_STANDARD = gnu11;
				GCC_DYNAMIC_NO_PIC = NO;
				GCC_NO_COMMON_BLOCKS = YES;
				GCC_OPTIMIZATION_LEVEL = 0;
				GCC_PREPROCESSOR_DEFINITIONS = (
					"DEBUG=1",
					"$(inherited)",
				);
				GCC_WARN_64_TO_32_BIT_CONVERSION = YES;
				GCC_WARN_ABOUT_RETURN_TYPE = YES_ERROR;
				GCC_WARN_UNDECLARED_SELECTOR = YES;
				GCC_WARN_UNINITIALIZED_AUTOS = YES_AGGRESSIVE;
				GCC_WARN_UNUSED_FUNCTION = YES;
				GCC_WARN_UNUSED_VARIABLE = YES;
				IPHONEOS_DEPLOYMENT_TARGET = 12.1;
				MTL_ENABLE_DEBUG_INFO = INCLUDE_SOURCE;
				MTL_FAST_MATH = YES;
				ONLY_ACTIVE_ARCH = YES;
				SDKROOT = iphoneos;
				SWIFT_ACTIVE_COMPILATION_CONDITIONS = DEBUG;
				SWIFT_OPTIMIZATION_LEVEL = "-Onone";
			};
			name = "Debug-MOCK";
		};
		672976E122989D4200EC3181 /* Debug-MOCK */ = {
			isa = XCBuildConfiguration;
			baseConfigurationReference = 528FA3B2E53C6D8C5308D959 /* Pods-MobileCI.debug-mock.xcconfig */;
			buildSettings = {
				ASSETCATALOG_COMPILER_APPICON_NAME = "AppIcon-MOCK";
				CODE_SIGN_IDENTITY = "iPhone Developer";
				CODE_SIGN_STYLE = Automatic;
				DEBUG_INFORMATION_FORMAT = "dwarf-with-dsym";
				DEVELOPMENT_TEAM = NH8WPPSQJN;
				INFOPLIST_FILE = "MobileCI/Supporting Files/Info.plist";
				IPHONEOS_DEPLOYMENT_TARGET = 13.1;
				LD_RUNPATH_SEARCH_PATHS = (
					"$(inherited)",
					"@executable_path/Frameworks",
				);
				OTHER_SWIFT_FLAGS = "$(inherited) -D COCOAPODS";
				PRODUCT_BUNDLE_IDENTIFIER = "hu.dpal-demo.MobileCI.mock";
				PRODUCT_MODULE_NAME = "$(PRODUCT_NAME:c99extidentifier)";
				PRODUCT_NAME = "$(TARGET_NAME)$(SUFFIX)";
				PROVISIONING_PROFILE_SPECIFIER = "";
				SUFFIX = "-MOCK";
				SWIFT_VERSION = 5.0;
				TARGETED_DEVICE_FAMILY = "1,2";
			};
			name = "Debug-MOCK";
		};
		672976E222989D4200EC3181 /* Debug-MOCK */ = {
			isa = XCBuildConfiguration;
			baseConfigurationReference = E42C33222FEC80A939DBF03E /* Pods-MobileCITests.debug-mock.xcconfig */;
			buildSettings = {
				ALWAYS_EMBED_SWIFT_STANDARD_LIBRARIES = YES;
				BUNDLE_LOADER = "$(TEST_HOST)";
				CODE_SIGN_STYLE = Manual;
				INFOPLIST_FILE = MobileCITests/Info.plist;
				IPHONEOS_DEPLOYMENT_TARGET = 13.1;
				LD_RUNPATH_SEARCH_PATHS = (
					"$(inherited)",
					"@executable_path/Frameworks",
					"@loader_path/Frameworks",
				);
				OTHER_SWIFT_FLAGS = "$(inherited) -D COCOAPODS -DMOCK";
				PRODUCT_BUNDLE_IDENTIFIER = hu.dpal.MobileCITests;
				PRODUCT_NAME = "$(TARGET_NAME)";
				SUFFIX = "-MOCK";
				SWIFT_VERSION = 5.0;
				TARGETED_DEVICE_FAMILY = "1,2";
				TEST_HOST = "$(BUILT_PRODUCTS_DIR)/MobileCI$(SUFFIX).app/MobileCI$(SUFFIX)";
			};
			name = "Debug-MOCK";
		};
		672976E322989D4200EC3181 /* Debug-MOCK */ = {
			isa = XCBuildConfiguration;
			baseConfigurationReference = 79C7719BE7430BFF9F981847 /* Pods-MobileCIUITests.debug-mock.xcconfig */;
			buildSettings = {
				ALWAYS_EMBED_SWIFT_STANDARD_LIBRARIES = YES;
				CLANG_ENABLE_MODULES = YES;
				CODE_SIGN_STYLE = Manual;
				DEFINES_MODULE = YES;
				INFOPLIST_FILE = MobileCIUITests/Info.plist;
				IPHONEOS_DEPLOYMENT_TARGET = 13.1;
				LD_RUNPATH_SEARCH_PATHS = (
					"$(inherited)",
					"@executable_path/Frameworks",
					"@loader_path/Frameworks",
				);
				PRODUCT_BUNDLE_IDENTIFIER = hu.dpal.MobileCIUITests;
				PRODUCT_NAME = "$(TARGET_NAME)";
				SWIFT_OBJC_BRIDGING_HEADER = "MobileCIUITests/MobileCIUITests-Bridging-Header.h";
				SWIFT_OPTIMIZATION_LEVEL = "-Onone";
				SWIFT_VERSION = 5.0;
				TARGETED_DEVICE_FAMILY = "1,2";
				TEST_TARGET_NAME = MobileCI;
			};
			name = "Debug-MOCK";
		};
		672976E822989D6300EC3181 /* Debug-DEV */ = {
			isa = XCBuildConfiguration;
			buildSettings = {
				ALWAYS_SEARCH_USER_PATHS = NO;
				CLANG_ANALYZER_LOCALIZABILITY_NONLOCALIZED = YES;
				CLANG_ANALYZER_NONNULL = YES;
				CLANG_ANALYZER_NUMBER_OBJECT_CONVERSION = YES_AGGRESSIVE;
				CLANG_CXX_LANGUAGE_STANDARD = "gnu++14";
				CLANG_CXX_LIBRARY = "libc++";
				CLANG_ENABLE_MODULES = YES;
				CLANG_ENABLE_OBJC_ARC = YES;
				CLANG_ENABLE_OBJC_WEAK = YES;
				CLANG_WARN_BLOCK_CAPTURE_AUTORELEASING = YES;
				CLANG_WARN_BOOL_CONVERSION = YES;
				CLANG_WARN_COMMA = YES;
				CLANG_WARN_CONSTANT_CONVERSION = YES;
				CLANG_WARN_DEPRECATED_OBJC_IMPLEMENTATIONS = YES;
				CLANG_WARN_DIRECT_OBJC_ISA_USAGE = YES_ERROR;
				CLANG_WARN_DOCUMENTATION_COMMENTS = YES;
				CLANG_WARN_EMPTY_BODY = YES;
				CLANG_WARN_ENUM_CONVERSION = YES;
				CLANG_WARN_INFINITE_RECURSION = YES;
				CLANG_WARN_INT_CONVERSION = YES;
				CLANG_WARN_NON_LITERAL_NULL_CONVERSION = YES;
				CLANG_WARN_OBJC_IMPLICIT_RETAIN_SELF = YES;
				CLANG_WARN_OBJC_LITERAL_CONVERSION = YES;
				CLANG_WARN_OBJC_ROOT_CLASS = YES_ERROR;
				CLANG_WARN_RANGE_LOOP_ANALYSIS = YES;
				CLANG_WARN_STRICT_PROTOTYPES = YES;
				CLANG_WARN_SUSPICIOUS_MOVE = YES;
				CLANG_WARN_UNGUARDED_AVAILABILITY = YES_AGGRESSIVE;
				CLANG_WARN_UNREACHABLE_CODE = YES;
				CLANG_WARN__DUPLICATE_METHOD_MATCH = YES;
				CODE_SIGN_IDENTITY = "iPhone Developer";
				COPY_PHASE_STRIP = NO;
				DEBUG_INFORMATION_FORMAT = dwarf;
				ENABLE_STRICT_OBJC_MSGSEND = YES;
				ENABLE_TESTABILITY = YES;
				GCC_C_LANGUAGE_STANDARD = gnu11;
				GCC_DYNAMIC_NO_PIC = NO;
				GCC_NO_COMMON_BLOCKS = YES;
				GCC_OPTIMIZATION_LEVEL = 0;
				GCC_PREPROCESSOR_DEFINITIONS = (
					"DEBUG=1",
					"$(inherited)",
				);
				GCC_WARN_64_TO_32_BIT_CONVERSION = YES;
				GCC_WARN_ABOUT_RETURN_TYPE = YES_ERROR;
				GCC_WARN_UNDECLARED_SELECTOR = YES;
				GCC_WARN_UNINITIALIZED_AUTOS = YES_AGGRESSIVE;
				GCC_WARN_UNUSED_FUNCTION = YES;
				GCC_WARN_UNUSED_VARIABLE = YES;
				IPHONEOS_DEPLOYMENT_TARGET = 12.1;
				MTL_ENABLE_DEBUG_INFO = INCLUDE_SOURCE;
				MTL_FAST_MATH = YES;
				ONLY_ACTIVE_ARCH = YES;
				SDKROOT = iphoneos;
				SWIFT_ACTIVE_COMPILATION_CONDITIONS = DEBUG;
				SWIFT_OPTIMIZATION_LEVEL = "-Onone";
			};
			name = "Debug-DEV";
		};
		672976E922989D6300EC3181 /* Debug-DEV */ = {
			isa = XCBuildConfiguration;
			baseConfigurationReference = EABEF9C31E0AEF37CD400678 /* Pods-MobileCI.debug-dev.xcconfig */;
			buildSettings = {
				ASSETCATALOG_COMPILER_APPICON_NAME = "AppIcon-DEV";
				CODE_SIGN_IDENTITY = "iPhone Developer";
				CODE_SIGN_STYLE = Automatic;
				DEBUG_INFORMATION_FORMAT = "dwarf-with-dsym";
				DEVELOPMENT_TEAM = NH8WPPSQJN;
				INFOPLIST_FILE = "MobileCI/Supporting Files/Info.plist";
				IPHONEOS_DEPLOYMENT_TARGET = 13.1;
				LD_RUNPATH_SEARCH_PATHS = (
					"$(inherited)",
					"@executable_path/Frameworks",
				);
				OTHER_SWIFT_FLAGS = "$(inherited) -D COCOAPODS";
				PRODUCT_BUNDLE_IDENTIFIER = "hu.dpal-demo.MobileCI.dev";
				PRODUCT_MODULE_NAME = "$(PRODUCT_NAME:c99extidentifier)";
				PRODUCT_NAME = "$(TARGET_NAME)$(SUFFIX)";
				PROVISIONING_PROFILE_SPECIFIER = "";
				SUFFIX = "-DEV";
				SWIFT_VERSION = 5.0;
				TARGETED_DEVICE_FAMILY = "1,2";
			};
			name = "Debug-DEV";
		};
		672976EA22989D6300EC3181 /* Debug-DEV */ = {
			isa = XCBuildConfiguration;
			baseConfigurationReference = 118D791E2C96E8C372194491 /* Pods-MobileCITests.debug-dev.xcconfig */;
			buildSettings = {
				ALWAYS_EMBED_SWIFT_STANDARD_LIBRARIES = YES;
				BUNDLE_LOADER = "$(TEST_HOST)";
				CODE_SIGN_STYLE = Manual;
				INFOPLIST_FILE = MobileCITests/Info.plist;
				IPHONEOS_DEPLOYMENT_TARGET = 13.1;
				LD_RUNPATH_SEARCH_PATHS = (
					"$(inherited)",
					"@executable_path/Frameworks",
					"@loader_path/Frameworks",
				);
				OTHER_SWIFT_FLAGS = "$(inherited) -D COCOAPODS -DDEV";
				PRODUCT_BUNDLE_IDENTIFIER = hu.dpal.MobileCITests;
				PRODUCT_NAME = "$(TARGET_NAME)";
				SUFFIX = "-DEV";
				SWIFT_VERSION = 5.0;
				TARGETED_DEVICE_FAMILY = "1,2";
				TEST_HOST = "$(BUILT_PRODUCTS_DIR)/MobileCI$(SUFFIX).app/MobileCI$(SUFFIX)";
			};
			name = "Debug-DEV";
		};
		672976EB22989D6300EC3181 /* Debug-DEV */ = {
			isa = XCBuildConfiguration;
			baseConfigurationReference = FA98DD09CB1CEE7E662E9C2A /* Pods-MobileCIUITests.debug-dev.xcconfig */;
			buildSettings = {
				ALWAYS_EMBED_SWIFT_STANDARD_LIBRARIES = YES;
				CLANG_ENABLE_MODULES = YES;
				CODE_SIGN_STYLE = Manual;
				DEFINES_MODULE = YES;
				INFOPLIST_FILE = MobileCIUITests/Info.plist;
				IPHONEOS_DEPLOYMENT_TARGET = 13.1;
				LD_RUNPATH_SEARCH_PATHS = (
					"$(inherited)",
					"@executable_path/Frameworks",
					"@loader_path/Frameworks",
				);
				PRODUCT_BUNDLE_IDENTIFIER = hu.dpal.MobileCIUITests;
				PRODUCT_NAME = "$(TARGET_NAME)";
				SWIFT_OBJC_BRIDGING_HEADER = "MobileCIUITests/MobileCIUITests-Bridging-Header.h";
				SWIFT_OPTIMIZATION_LEVEL = "-Onone";
				SWIFT_VERSION = 5.0;
				TARGETED_DEVICE_FAMILY = "1,2";
				TEST_TARGET_NAME = MobileCI;
			};
			name = "Debug-DEV";
		};
		672976EC22989D6E00EC3181 /* Debug-TEST */ = {
			isa = XCBuildConfiguration;
			buildSettings = {
				ALWAYS_SEARCH_USER_PATHS = NO;
				CLANG_ANALYZER_LOCALIZABILITY_NONLOCALIZED = YES;
				CLANG_ANALYZER_NONNULL = YES;
				CLANG_ANALYZER_NUMBER_OBJECT_CONVERSION = YES_AGGRESSIVE;
				CLANG_CXX_LANGUAGE_STANDARD = "gnu++14";
				CLANG_CXX_LIBRARY = "libc++";
				CLANG_ENABLE_MODULES = YES;
				CLANG_ENABLE_OBJC_ARC = YES;
				CLANG_ENABLE_OBJC_WEAK = YES;
				CLANG_WARN_BLOCK_CAPTURE_AUTORELEASING = YES;
				CLANG_WARN_BOOL_CONVERSION = YES;
				CLANG_WARN_COMMA = YES;
				CLANG_WARN_CONSTANT_CONVERSION = YES;
				CLANG_WARN_DEPRECATED_OBJC_IMPLEMENTATIONS = YES;
				CLANG_WARN_DIRECT_OBJC_ISA_USAGE = YES_ERROR;
				CLANG_WARN_DOCUMENTATION_COMMENTS = YES;
				CLANG_WARN_EMPTY_BODY = YES;
				CLANG_WARN_ENUM_CONVERSION = YES;
				CLANG_WARN_INFINITE_RECURSION = YES;
				CLANG_WARN_INT_CONVERSION = YES;
				CLANG_WARN_NON_LITERAL_NULL_CONVERSION = YES;
				CLANG_WARN_OBJC_IMPLICIT_RETAIN_SELF = YES;
				CLANG_WARN_OBJC_LITERAL_CONVERSION = YES;
				CLANG_WARN_OBJC_ROOT_CLASS = YES_ERROR;
				CLANG_WARN_RANGE_LOOP_ANALYSIS = YES;
				CLANG_WARN_STRICT_PROTOTYPES = YES;
				CLANG_WARN_SUSPICIOUS_MOVE = YES;
				CLANG_WARN_UNGUARDED_AVAILABILITY = YES_AGGRESSIVE;
				CLANG_WARN_UNREACHABLE_CODE = YES;
				CLANG_WARN__DUPLICATE_METHOD_MATCH = YES;
				CODE_SIGN_IDENTITY = "iPhone Developer";
				COPY_PHASE_STRIP = NO;
				DEBUG_INFORMATION_FORMAT = dwarf;
				ENABLE_STRICT_OBJC_MSGSEND = YES;
				ENABLE_TESTABILITY = YES;
				GCC_C_LANGUAGE_STANDARD = gnu11;
				GCC_DYNAMIC_NO_PIC = NO;
				GCC_NO_COMMON_BLOCKS = YES;
				GCC_OPTIMIZATION_LEVEL = 0;
				GCC_PREPROCESSOR_DEFINITIONS = (
					"DEBUG=1",
					"$(inherited)",
				);
				GCC_WARN_64_TO_32_BIT_CONVERSION = YES;
				GCC_WARN_ABOUT_RETURN_TYPE = YES_ERROR;
				GCC_WARN_UNDECLARED_SELECTOR = YES;
				GCC_WARN_UNINITIALIZED_AUTOS = YES_AGGRESSIVE;
				GCC_WARN_UNUSED_FUNCTION = YES;
				GCC_WARN_UNUSED_VARIABLE = YES;
				IPHONEOS_DEPLOYMENT_TARGET = 12.1;
				MTL_ENABLE_DEBUG_INFO = INCLUDE_SOURCE;
				MTL_FAST_MATH = YES;
				ONLY_ACTIVE_ARCH = YES;
				SDKROOT = iphoneos;
				SWIFT_ACTIVE_COMPILATION_CONDITIONS = DEBUG;
				SWIFT_OPTIMIZATION_LEVEL = "-Onone";
			};
			name = "Debug-TEST";
		};
		672976ED22989D6E00EC3181 /* Debug-TEST */ = {
			isa = XCBuildConfiguration;
			baseConfigurationReference = D2855C72EB570FEE24BEC8B0 /* Pods-MobileCI.debug-test.xcconfig */;
			buildSettings = {
				ASSETCATALOG_COMPILER_APPICON_NAME = "AppIcon-TEST";
				CODE_SIGN_IDENTITY = "iPhone Developer";
				CODE_SIGN_STYLE = Automatic;
				DEBUG_INFORMATION_FORMAT = "dwarf-with-dsym";
				DEVELOPMENT_TEAM = NH8WPPSQJN;
				INFOPLIST_FILE = "MobileCI/Supporting Files/Info.plist";
				IPHONEOS_DEPLOYMENT_TARGET = 13.1;
				LD_RUNPATH_SEARCH_PATHS = (
					"$(inherited)",
					"@executable_path/Frameworks",
				);
				OTHER_SWIFT_FLAGS = "$(inherited) -D COCOAPODS";
				PRODUCT_BUNDLE_IDENTIFIER = "hu.dpal-demo.MobileCI.test";
				PRODUCT_MODULE_NAME = "$(PRODUCT_NAME:c99extidentifier)";
				PRODUCT_NAME = "$(TARGET_NAME)$(SUFFIX)";
				PROVISIONING_PROFILE_SPECIFIER = "";
				SUFFIX = "-TEST";
				SWIFT_VERSION = 5.0;
				TARGETED_DEVICE_FAMILY = "1,2";
			};
			name = "Debug-TEST";
		};
		672976EE22989D6E00EC3181 /* Debug-TEST */ = {
			isa = XCBuildConfiguration;
			baseConfigurationReference = 7A2A93B88F07C1BBF8CF3D37 /* Pods-MobileCITests.debug-test.xcconfig */;
			buildSettings = {
				ALWAYS_EMBED_SWIFT_STANDARD_LIBRARIES = YES;
				BUNDLE_LOADER = "$(TEST_HOST)";
				CODE_SIGN_STYLE = Manual;
				INFOPLIST_FILE = MobileCITests/Info.plist;
				IPHONEOS_DEPLOYMENT_TARGET = 13.1;
				LD_RUNPATH_SEARCH_PATHS = (
					"$(inherited)",
					"@executable_path/Frameworks",
					"@loader_path/Frameworks",
				);
				OTHER_SWIFT_FLAGS = "$(inherited) -D COCOAPODS -DTEST";
				PRODUCT_BUNDLE_IDENTIFIER = hu.dpal.MobileCITests;
				PRODUCT_NAME = "$(TARGET_NAME)";
				SUFFIX = "-TEST";
				SWIFT_VERSION = 5.0;
				TARGETED_DEVICE_FAMILY = "1,2";
				TEST_HOST = "$(BUILT_PRODUCTS_DIR)/MobileCI$(SUFFIX).app/MobileCI$(SUFFIX)";
			};
			name = "Debug-TEST";
		};
		672976EF22989D6E00EC3181 /* Debug-TEST */ = {
			isa = XCBuildConfiguration;
			baseConfigurationReference = B3601999AACF9192849C395E /* Pods-MobileCIUITests.debug-test.xcconfig */;
			buildSettings = {
				ALWAYS_EMBED_SWIFT_STANDARD_LIBRARIES = YES;
				CLANG_ENABLE_MODULES = YES;
				CODE_SIGN_STYLE = Manual;
				DEFINES_MODULE = YES;
				INFOPLIST_FILE = MobileCIUITests/Info.plist;
				IPHONEOS_DEPLOYMENT_TARGET = 13.1;
				LD_RUNPATH_SEARCH_PATHS = (
					"$(inherited)",
					"@executable_path/Frameworks",
					"@loader_path/Frameworks",
				);
				PRODUCT_BUNDLE_IDENTIFIER = hu.dpal.MobileCIUITests;
				PRODUCT_NAME = "$(TARGET_NAME)";
				SWIFT_OBJC_BRIDGING_HEADER = "MobileCIUITests/MobileCIUITests-Bridging-Header.h";
				SWIFT_OPTIMIZATION_LEVEL = "-Onone";
				SWIFT_VERSION = 5.0;
				TARGETED_DEVICE_FAMILY = "1,2";
				TEST_TARGET_NAME = MobileCI;
			};
			name = "Debug-TEST";
		};
		672976F022989D7D00EC3181 /* Release-MOCK */ = {
			isa = XCBuildConfiguration;
			buildSettings = {
				ALWAYS_SEARCH_USER_PATHS = NO;
				CLANG_ANALYZER_LOCALIZABILITY_NONLOCALIZED = YES;
				CLANG_ANALYZER_NONNULL = YES;
				CLANG_ANALYZER_NUMBER_OBJECT_CONVERSION = YES_AGGRESSIVE;
				CLANG_CXX_LANGUAGE_STANDARD = "gnu++14";
				CLANG_CXX_LIBRARY = "libc++";
				CLANG_ENABLE_MODULES = YES;
				CLANG_ENABLE_OBJC_ARC = YES;
				CLANG_ENABLE_OBJC_WEAK = YES;
				CLANG_WARN_BLOCK_CAPTURE_AUTORELEASING = YES;
				CLANG_WARN_BOOL_CONVERSION = YES;
				CLANG_WARN_COMMA = YES;
				CLANG_WARN_CONSTANT_CONVERSION = YES;
				CLANG_WARN_DEPRECATED_OBJC_IMPLEMENTATIONS = YES;
				CLANG_WARN_DIRECT_OBJC_ISA_USAGE = YES_ERROR;
				CLANG_WARN_DOCUMENTATION_COMMENTS = YES;
				CLANG_WARN_EMPTY_BODY = YES;
				CLANG_WARN_ENUM_CONVERSION = YES;
				CLANG_WARN_INFINITE_RECURSION = YES;
				CLANG_WARN_INT_CONVERSION = YES;
				CLANG_WARN_NON_LITERAL_NULL_CONVERSION = YES;
				CLANG_WARN_OBJC_IMPLICIT_RETAIN_SELF = YES;
				CLANG_WARN_OBJC_LITERAL_CONVERSION = YES;
				CLANG_WARN_OBJC_ROOT_CLASS = YES_ERROR;
				CLANG_WARN_RANGE_LOOP_ANALYSIS = YES;
				CLANG_WARN_STRICT_PROTOTYPES = YES;
				CLANG_WARN_SUSPICIOUS_MOVE = YES;
				CLANG_WARN_UNGUARDED_AVAILABILITY = YES_AGGRESSIVE;
				CLANG_WARN_UNREACHABLE_CODE = YES;
				CLANG_WARN__DUPLICATE_METHOD_MATCH = YES;
				CODE_SIGN_IDENTITY = "iPhone Developer";
				COPY_PHASE_STRIP = NO;
				DEBUG_INFORMATION_FORMAT = "dwarf-with-dsym";
				ENABLE_NS_ASSERTIONS = NO;
				ENABLE_STRICT_OBJC_MSGSEND = YES;
				GCC_C_LANGUAGE_STANDARD = gnu11;
				GCC_NO_COMMON_BLOCKS = YES;
				GCC_WARN_64_TO_32_BIT_CONVERSION = YES;
				GCC_WARN_ABOUT_RETURN_TYPE = YES_ERROR;
				GCC_WARN_UNDECLARED_SELECTOR = YES;
				GCC_WARN_UNINITIALIZED_AUTOS = YES_AGGRESSIVE;
				GCC_WARN_UNUSED_FUNCTION = YES;
				GCC_WARN_UNUSED_VARIABLE = YES;
				IPHONEOS_DEPLOYMENT_TARGET = 12.1;
				MTL_ENABLE_DEBUG_INFO = NO;
				MTL_FAST_MATH = YES;
				SDKROOT = iphoneos;
				SWIFT_COMPILATION_MODE = wholemodule;
				SWIFT_OPTIMIZATION_LEVEL = "-O";
				VALIDATE_PRODUCT = YES;
			};
			name = "Release-MOCK";
		};
		672976F122989D7D00EC3181 /* Release-MOCK */ = {
			isa = XCBuildConfiguration;
			baseConfigurationReference = 889028CA4CEC36B1A03D72E1 /* Pods-MobileCI.release-mock.xcconfig */;
			buildSettings = {
				ASSETCATALOG_COMPILER_APPICON_NAME = "AppIcon-MOCK";
				CODE_SIGN_IDENTITY = "iPhone Distribution";
				CODE_SIGN_STYLE = Manual;
				DEBUG_INFORMATION_FORMAT = "dwarf-with-dsym";
				DEVELOPMENT_TEAM = NH8WPPSQJN;
				INFOPLIST_FILE = "MobileCI/Supporting Files/Info.plist";
				IPHONEOS_DEPLOYMENT_TARGET = 13.1;
				LD_RUNPATH_SEARCH_PATHS = (
					"$(inherited)",
					"@executable_path/Frameworks",
				);
				OTHER_SWIFT_FLAGS = "$(inherited) -D COCOAPODS";
				PRODUCT_BUNDLE_IDENTIFIER = "hu.dpal-demo.MobileCI.mock";
				PRODUCT_MODULE_NAME = "$(PRODUCT_NAME:c99extidentifier)";
				PRODUCT_NAME = "$(TARGET_NAME)$(SUFFIX)";
				PROVISIONING_PROFILE_SPECIFIER = "match AppStore hu.dpal-demo.MobileCI.mock";
				SUFFIX = "-MOCK";
				SWIFT_VERSION = 5.0;
				TARGETED_DEVICE_FAMILY = "1,2";
			};
			name = "Release-MOCK";
		};
		672976F222989D7D00EC3181 /* Release-MOCK */ = {
			isa = XCBuildConfiguration;
			baseConfigurationReference = C8BF0DDB204D693BAD1E100B /* Pods-MobileCITests.release-mock.xcconfig */;
			buildSettings = {
				ALWAYS_EMBED_SWIFT_STANDARD_LIBRARIES = YES;
				BUNDLE_LOADER = "$(TEST_HOST)";
				CODE_SIGN_STYLE = Manual;
				INFOPLIST_FILE = MobileCITests/Info.plist;
				IPHONEOS_DEPLOYMENT_TARGET = 13.1;
				LD_RUNPATH_SEARCH_PATHS = (
					"$(inherited)",
					"@executable_path/Frameworks",
					"@loader_path/Frameworks",
				);
				OTHER_SWIFT_FLAGS = "$(inherited) -D COCOAPODS -DMOCK";
				PRODUCT_BUNDLE_IDENTIFIER = hu.dpal.MobileCITests;
				PRODUCT_NAME = "$(TARGET_NAME)";
				SUFFIX = "-MOCK";
				SWIFT_VERSION = 5.0;
				TARGETED_DEVICE_FAMILY = "1,2";
				TEST_HOST = "$(BUILT_PRODUCTS_DIR)/MobileCI$(SUFFIX).app/MobileCI$(SUFFIX)";
			};
			name = "Release-MOCK";
		};
		672976F322989D7D00EC3181 /* Release-MOCK */ = {
			isa = XCBuildConfiguration;
			baseConfigurationReference = EA8032E55A4C09AEC9999E4D /* Pods-MobileCIUITests.release-mock.xcconfig */;
			buildSettings = {
				ALWAYS_EMBED_SWIFT_STANDARD_LIBRARIES = YES;
				CLANG_ENABLE_MODULES = YES;
				CODE_SIGN_STYLE = Manual;
				DEFINES_MODULE = YES;
				ENABLE_TESTABILITY = NO;
				INFOPLIST_FILE = MobileCIUITests/Info.plist;
				IPHONEOS_DEPLOYMENT_TARGET = 13.1;
				LD_RUNPATH_SEARCH_PATHS = (
					"$(inherited)",
					"@executable_path/Frameworks",
					"@loader_path/Frameworks",
				);
				PRODUCT_BUNDLE_IDENTIFIER = hu.dpal.MobileCIUITests;
				PRODUCT_NAME = "$(TARGET_NAME)";
				SWIFT_OBJC_BRIDGING_HEADER = "MobileCIUITests/MobileCIUITests-Bridging-Header.h";
				SWIFT_VERSION = 5.0;
				TARGETED_DEVICE_FAMILY = "1,2";
				TEST_TARGET_NAME = MobileCI;
			};
			name = "Release-MOCK";
		};
		672976F422989D8700EC3181 /* Release-DEV */ = {
			isa = XCBuildConfiguration;
			buildSettings = {
				ALWAYS_SEARCH_USER_PATHS = NO;
				CLANG_ANALYZER_LOCALIZABILITY_NONLOCALIZED = YES;
				CLANG_ANALYZER_NONNULL = YES;
				CLANG_ANALYZER_NUMBER_OBJECT_CONVERSION = YES_AGGRESSIVE;
				CLANG_CXX_LANGUAGE_STANDARD = "gnu++14";
				CLANG_CXX_LIBRARY = "libc++";
				CLANG_ENABLE_MODULES = YES;
				CLANG_ENABLE_OBJC_ARC = YES;
				CLANG_ENABLE_OBJC_WEAK = YES;
				CLANG_WARN_BLOCK_CAPTURE_AUTORELEASING = YES;
				CLANG_WARN_BOOL_CONVERSION = YES;
				CLANG_WARN_COMMA = YES;
				CLANG_WARN_CONSTANT_CONVERSION = YES;
				CLANG_WARN_DEPRECATED_OBJC_IMPLEMENTATIONS = YES;
				CLANG_WARN_DIRECT_OBJC_ISA_USAGE = YES_ERROR;
				CLANG_WARN_DOCUMENTATION_COMMENTS = YES;
				CLANG_WARN_EMPTY_BODY = YES;
				CLANG_WARN_ENUM_CONVERSION = YES;
				CLANG_WARN_INFINITE_RECURSION = YES;
				CLANG_WARN_INT_CONVERSION = YES;
				CLANG_WARN_NON_LITERAL_NULL_CONVERSION = YES;
				CLANG_WARN_OBJC_IMPLICIT_RETAIN_SELF = YES;
				CLANG_WARN_OBJC_LITERAL_CONVERSION = YES;
				CLANG_WARN_OBJC_ROOT_CLASS = YES_ERROR;
				CLANG_WARN_RANGE_LOOP_ANALYSIS = YES;
				CLANG_WARN_STRICT_PROTOTYPES = YES;
				CLANG_WARN_SUSPICIOUS_MOVE = YES;
				CLANG_WARN_UNGUARDED_AVAILABILITY = YES_AGGRESSIVE;
				CLANG_WARN_UNREACHABLE_CODE = YES;
				CLANG_WARN__DUPLICATE_METHOD_MATCH = YES;
				CODE_SIGN_IDENTITY = "iPhone Developer";
				COPY_PHASE_STRIP = NO;
				DEBUG_INFORMATION_FORMAT = "dwarf-with-dsym";
				ENABLE_NS_ASSERTIONS = NO;
				ENABLE_STRICT_OBJC_MSGSEND = YES;
				GCC_C_LANGUAGE_STANDARD = gnu11;
				GCC_NO_COMMON_BLOCKS = YES;
				GCC_WARN_64_TO_32_BIT_CONVERSION = YES;
				GCC_WARN_ABOUT_RETURN_TYPE = YES_ERROR;
				GCC_WARN_UNDECLARED_SELECTOR = YES;
				GCC_WARN_UNINITIALIZED_AUTOS = YES_AGGRESSIVE;
				GCC_WARN_UNUSED_FUNCTION = YES;
				GCC_WARN_UNUSED_VARIABLE = YES;
				IPHONEOS_DEPLOYMENT_TARGET = 12.1;
				MTL_ENABLE_DEBUG_INFO = NO;
				MTL_FAST_MATH = YES;
				SDKROOT = iphoneos;
				SWIFT_COMPILATION_MODE = wholemodule;
				SWIFT_OPTIMIZATION_LEVEL = "-O";
				VALIDATE_PRODUCT = YES;
			};
			name = "Release-DEV";
		};
		672976F522989D8700EC3181 /* Release-DEV */ = {
			isa = XCBuildConfiguration;
			baseConfigurationReference = 8B0369BEB790B64FAF2DC52A /* Pods-MobileCI.release-dev.xcconfig */;
			buildSettings = {
				ASSETCATALOG_COMPILER_APPICON_NAME = "AppIcon-DEV";
				CODE_SIGN_IDENTITY = "iPhone Distribution";
				CODE_SIGN_STYLE = Manual;
				DEBUG_INFORMATION_FORMAT = "dwarf-with-dsym";
				DEVELOPMENT_TEAM = NH8WPPSQJN;
				INFOPLIST_FILE = "MobileCI/Supporting Files/Info.plist";
				IPHONEOS_DEPLOYMENT_TARGET = 13.1;
				LD_RUNPATH_SEARCH_PATHS = (
					"$(inherited)",
					"@executable_path/Frameworks",
				);
				OTHER_SWIFT_FLAGS = "$(inherited) -D COCOAPODS";
				PRODUCT_BUNDLE_IDENTIFIER = "hu.dpal-demo.MobileCI.dev";
				PRODUCT_MODULE_NAME = "$(PRODUCT_NAME:c99extidentifier)";
				PRODUCT_NAME = "$(TARGET_NAME)$(SUFFIX)";
				PROVISIONING_PROFILE_SPECIFIER = "match AppStore hu.dpal-demo.MobileCI.dev";
				SUFFIX = "-DEV";
				SWIFT_VERSION = 5.0;
				TARGETED_DEVICE_FAMILY = "1,2";
			};
			name = "Release-DEV";
		};
		672976F622989D8700EC3181 /* Release-DEV */ = {
			isa = XCBuildConfiguration;
			baseConfigurationReference = 2CBC85B70AF910BB4885AC1B /* Pods-MobileCITests.release-dev.xcconfig */;
			buildSettings = {
				ALWAYS_EMBED_SWIFT_STANDARD_LIBRARIES = YES;
				BUNDLE_LOADER = "$(TEST_HOST)";
				CODE_SIGN_STYLE = Manual;
				INFOPLIST_FILE = MobileCITests/Info.plist;
				IPHONEOS_DEPLOYMENT_TARGET = 13.1;
				LD_RUNPATH_SEARCH_PATHS = (
					"$(inherited)",
					"@executable_path/Frameworks",
					"@loader_path/Frameworks",
				);
				OTHER_SWIFT_FLAGS = "$(inherited) -D COCOAPODS -DDEV";
				PRODUCT_BUNDLE_IDENTIFIER = hu.dpal.MobileCITests;
				PRODUCT_NAME = "$(TARGET_NAME)";
				SUFFIX = "-DEV";
				SWIFT_VERSION = 5.0;
				TARGETED_DEVICE_FAMILY = "1,2";
				TEST_HOST = "$(BUILT_PRODUCTS_DIR)/MobileCI$(SUFFIX).app/MobileCI$(SUFFIX)";
			};
			name = "Release-DEV";
		};
		672976F722989D8700EC3181 /* Release-DEV */ = {
			isa = XCBuildConfiguration;
			baseConfigurationReference = AAE3A5928D69801DDC6E13F6 /* Pods-MobileCIUITests.release-dev.xcconfig */;
			buildSettings = {
				ALWAYS_EMBED_SWIFT_STANDARD_LIBRARIES = YES;
				CLANG_ENABLE_MODULES = YES;
				CODE_SIGN_STYLE = Manual;
				DEFINES_MODULE = YES;
				ENABLE_TESTABILITY = NO;
				INFOPLIST_FILE = MobileCIUITests/Info.plist;
				IPHONEOS_DEPLOYMENT_TARGET = 13.1;
				LD_RUNPATH_SEARCH_PATHS = (
					"$(inherited)",
					"@executable_path/Frameworks",
					"@loader_path/Frameworks",
				);
				PRODUCT_BUNDLE_IDENTIFIER = hu.dpal.MobileCIUITests;
				PRODUCT_NAME = "$(TARGET_NAME)";
				SWIFT_OBJC_BRIDGING_HEADER = "MobileCIUITests/MobileCIUITests-Bridging-Header.h";
				SWIFT_VERSION = 5.0;
				TARGETED_DEVICE_FAMILY = "1,2";
				TEST_TARGET_NAME = MobileCI;
			};
			name = "Release-DEV";
		};
		672976F822989D9B00EC3181 /* Release-TEST */ = {
			isa = XCBuildConfiguration;
			buildSettings = {
				ALWAYS_SEARCH_USER_PATHS = NO;
				CLANG_ANALYZER_LOCALIZABILITY_NONLOCALIZED = YES;
				CLANG_ANALYZER_NONNULL = YES;
				CLANG_ANALYZER_NUMBER_OBJECT_CONVERSION = YES_AGGRESSIVE;
				CLANG_CXX_LANGUAGE_STANDARD = "gnu++14";
				CLANG_CXX_LIBRARY = "libc++";
				CLANG_ENABLE_MODULES = YES;
				CLANG_ENABLE_OBJC_ARC = YES;
				CLANG_ENABLE_OBJC_WEAK = YES;
				CLANG_WARN_BLOCK_CAPTURE_AUTORELEASING = YES;
				CLANG_WARN_BOOL_CONVERSION = YES;
				CLANG_WARN_COMMA = YES;
				CLANG_WARN_CONSTANT_CONVERSION = YES;
				CLANG_WARN_DEPRECATED_OBJC_IMPLEMENTATIONS = YES;
				CLANG_WARN_DIRECT_OBJC_ISA_USAGE = YES_ERROR;
				CLANG_WARN_DOCUMENTATION_COMMENTS = YES;
				CLANG_WARN_EMPTY_BODY = YES;
				CLANG_WARN_ENUM_CONVERSION = YES;
				CLANG_WARN_INFINITE_RECURSION = YES;
				CLANG_WARN_INT_CONVERSION = YES;
				CLANG_WARN_NON_LITERAL_NULL_CONVERSION = YES;
				CLANG_WARN_OBJC_IMPLICIT_RETAIN_SELF = YES;
				CLANG_WARN_OBJC_LITERAL_CONVERSION = YES;
				CLANG_WARN_OBJC_ROOT_CLASS = YES_ERROR;
				CLANG_WARN_RANGE_LOOP_ANALYSIS = YES;
				CLANG_WARN_STRICT_PROTOTYPES = YES;
				CLANG_WARN_SUSPICIOUS_MOVE = YES;
				CLANG_WARN_UNGUARDED_AVAILABILITY = YES_AGGRESSIVE;
				CLANG_WARN_UNREACHABLE_CODE = YES;
				CLANG_WARN__DUPLICATE_METHOD_MATCH = YES;
				CODE_SIGN_IDENTITY = "iPhone Developer";
				COPY_PHASE_STRIP = NO;
				DEBUG_INFORMATION_FORMAT = "dwarf-with-dsym";
				ENABLE_NS_ASSERTIONS = NO;
				ENABLE_STRICT_OBJC_MSGSEND = YES;
				GCC_C_LANGUAGE_STANDARD = gnu11;
				GCC_NO_COMMON_BLOCKS = YES;
				GCC_WARN_64_TO_32_BIT_CONVERSION = YES;
				GCC_WARN_ABOUT_RETURN_TYPE = YES_ERROR;
				GCC_WARN_UNDECLARED_SELECTOR = YES;
				GCC_WARN_UNINITIALIZED_AUTOS = YES_AGGRESSIVE;
				GCC_WARN_UNUSED_FUNCTION = YES;
				GCC_WARN_UNUSED_VARIABLE = YES;
				IPHONEOS_DEPLOYMENT_TARGET = 12.1;
				MTL_ENABLE_DEBUG_INFO = NO;
				MTL_FAST_MATH = YES;
				SDKROOT = iphoneos;
				SWIFT_COMPILATION_MODE = wholemodule;
				SWIFT_OPTIMIZATION_LEVEL = "-O";
				VALIDATE_PRODUCT = YES;
			};
			name = "Release-TEST";
		};
		672976F922989D9B00EC3181 /* Release-TEST */ = {
			isa = XCBuildConfiguration;
			baseConfigurationReference = 1F6B24256BF760003C3EC99B /* Pods-MobileCI.release-test.xcconfig */;
			buildSettings = {
				ASSETCATALOG_COMPILER_APPICON_NAME = "AppIcon-TEST";
				CODE_SIGN_IDENTITY = "iPhone Distribution";
				CODE_SIGN_STYLE = Manual;
				DEBUG_INFORMATION_FORMAT = "dwarf-with-dsym";
				DEVELOPMENT_TEAM = NH8WPPSQJN;
				INFOPLIST_FILE = "MobileCI/Supporting Files/Info.plist";
				IPHONEOS_DEPLOYMENT_TARGET = 13.1;
				LD_RUNPATH_SEARCH_PATHS = (
					"$(inherited)",
					"@executable_path/Frameworks",
				);
				OTHER_SWIFT_FLAGS = "$(inherited) -D COCOAPODS";
				PRODUCT_BUNDLE_IDENTIFIER = "hu.dpal-demo.MobileCI.test";
				PRODUCT_MODULE_NAME = "$(PRODUCT_NAME:c99extidentifier)";
				PRODUCT_NAME = "$(TARGET_NAME)$(SUFFIX)";
				PROVISIONING_PROFILE_SPECIFIER = "match AppStore hu.dpal-demo.MobileCI.test";
				SUFFIX = "-TEST";
				SWIFT_VERSION = 5.0;
				TARGETED_DEVICE_FAMILY = "1,2";
			};
			name = "Release-TEST";
		};
		672976FA22989D9B00EC3181 /* Release-TEST */ = {
			isa = XCBuildConfiguration;
			baseConfigurationReference = 0985A376F3159E1D512CA190 /* Pods-MobileCITests.release-test.xcconfig */;
			buildSettings = {
				ALWAYS_EMBED_SWIFT_STANDARD_LIBRARIES = YES;
				BUNDLE_LOADER = "$(TEST_HOST)";
				CODE_SIGN_STYLE = Manual;
				INFOPLIST_FILE = MobileCITests/Info.plist;
				IPHONEOS_DEPLOYMENT_TARGET = 13.1;
				LD_RUNPATH_SEARCH_PATHS = (
					"$(inherited)",
					"@executable_path/Frameworks",
					"@loader_path/Frameworks",
				);
				OTHER_SWIFT_FLAGS = "$(inherited) -D COCOAPODS -DTEST";
				PRODUCT_BUNDLE_IDENTIFIER = hu.dpal.MobileCITests;
				PRODUCT_NAME = "$(TARGET_NAME)";
				SUFFIX = "-TEST";
				SWIFT_VERSION = 5.0;
				TARGETED_DEVICE_FAMILY = "1,2";
				TEST_HOST = "$(BUILT_PRODUCTS_DIR)/MobileCI$(SUFFIX).app/MobileCI$(SUFFIX)";
			};
			name = "Release-TEST";
		};
		672976FB22989D9B00EC3181 /* Release-TEST */ = {
			isa = XCBuildConfiguration;
			baseConfigurationReference = A6FAEB91510EFB09E15E8247 /* Pods-MobileCIUITests.release-test.xcconfig */;
			buildSettings = {
				ALWAYS_EMBED_SWIFT_STANDARD_LIBRARIES = YES;
				CLANG_ENABLE_MODULES = YES;
				CODE_SIGN_STYLE = Manual;
				DEFINES_MODULE = YES;
				ENABLE_TESTABILITY = NO;
				INFOPLIST_FILE = MobileCIUITests/Info.plist;
				IPHONEOS_DEPLOYMENT_TARGET = 13.1;
				LD_RUNPATH_SEARCH_PATHS = (
					"$(inherited)",
					"@executable_path/Frameworks",
					"@loader_path/Frameworks",
				);
				PRODUCT_BUNDLE_IDENTIFIER = hu.dpal.MobileCIUITests;
				PRODUCT_NAME = "$(TARGET_NAME)";
				SWIFT_OBJC_BRIDGING_HEADER = "MobileCIUITests/MobileCIUITests-Bridging-Header.h";
				SWIFT_VERSION = 5.0;
				TARGETED_DEVICE_FAMILY = "1,2";
				TEST_TARGET_NAME = MobileCI;
			};
			name = "Release-TEST";
		};
		67936AAC220DE42300D362E9 /* Debug */ = {
			isa = XCBuildConfiguration;
			buildSettings = {
				ALWAYS_SEARCH_USER_PATHS = NO;
				CLANG_ANALYZER_LOCALIZABILITY_NONLOCALIZED = YES;
				CLANG_ANALYZER_NONNULL = YES;
				CLANG_ANALYZER_NUMBER_OBJECT_CONVERSION = YES_AGGRESSIVE;
				CLANG_CXX_LANGUAGE_STANDARD = "gnu++14";
				CLANG_CXX_LIBRARY = "libc++";
				CLANG_ENABLE_MODULES = YES;
				CLANG_ENABLE_OBJC_ARC = YES;
				CLANG_ENABLE_OBJC_WEAK = YES;
				CLANG_WARN_BLOCK_CAPTURE_AUTORELEASING = YES;
				CLANG_WARN_BOOL_CONVERSION = YES;
				CLANG_WARN_COMMA = YES;
				CLANG_WARN_CONSTANT_CONVERSION = YES;
				CLANG_WARN_DEPRECATED_OBJC_IMPLEMENTATIONS = YES;
				CLANG_WARN_DIRECT_OBJC_ISA_USAGE = YES_ERROR;
				CLANG_WARN_DOCUMENTATION_COMMENTS = YES;
				CLANG_WARN_EMPTY_BODY = YES;
				CLANG_WARN_ENUM_CONVERSION = YES;
				CLANG_WARN_INFINITE_RECURSION = YES;
				CLANG_WARN_INT_CONVERSION = YES;
				CLANG_WARN_NON_LITERAL_NULL_CONVERSION = YES;
				CLANG_WARN_OBJC_IMPLICIT_RETAIN_SELF = YES;
				CLANG_WARN_OBJC_LITERAL_CONVERSION = YES;
				CLANG_WARN_OBJC_ROOT_CLASS = YES_ERROR;
				CLANG_WARN_RANGE_LOOP_ANALYSIS = YES;
				CLANG_WARN_STRICT_PROTOTYPES = YES;
				CLANG_WARN_SUSPICIOUS_MOVE = YES;
				CLANG_WARN_UNGUARDED_AVAILABILITY = YES_AGGRESSIVE;
				CLANG_WARN_UNREACHABLE_CODE = YES;
				CLANG_WARN__DUPLICATE_METHOD_MATCH = YES;
				CODE_SIGN_IDENTITY = "iPhone Developer";
				COPY_PHASE_STRIP = NO;
				DEBUG_INFORMATION_FORMAT = dwarf;
				ENABLE_STRICT_OBJC_MSGSEND = YES;
				ENABLE_TESTABILITY = YES;
				GCC_C_LANGUAGE_STANDARD = gnu11;
				GCC_DYNAMIC_NO_PIC = NO;
				GCC_NO_COMMON_BLOCKS = YES;
				GCC_OPTIMIZATION_LEVEL = 0;
				GCC_PREPROCESSOR_DEFINITIONS = (
					"DEBUG=1",
					"$(inherited)",
				);
				GCC_WARN_64_TO_32_BIT_CONVERSION = YES;
				GCC_WARN_ABOUT_RETURN_TYPE = YES_ERROR;
				GCC_WARN_UNDECLARED_SELECTOR = YES;
				GCC_WARN_UNINITIALIZED_AUTOS = YES_AGGRESSIVE;
				GCC_WARN_UNUSED_FUNCTION = YES;
				GCC_WARN_UNUSED_VARIABLE = YES;
				IPHONEOS_DEPLOYMENT_TARGET = 12.1;
				MTL_ENABLE_DEBUG_INFO = INCLUDE_SOURCE;
				MTL_FAST_MATH = YES;
				ONLY_ACTIVE_ARCH = YES;
				SDKROOT = iphoneos;
				SWIFT_ACTIVE_COMPILATION_CONDITIONS = DEBUG;
				SWIFT_OPTIMIZATION_LEVEL = "-Onone";
			};
			name = Debug;
		};
		67936AAD220DE42300D362E9 /* Release */ = {
			isa = XCBuildConfiguration;
			buildSettings = {
				ALWAYS_SEARCH_USER_PATHS = NO;
				CLANG_ANALYZER_LOCALIZABILITY_NONLOCALIZED = YES;
				CLANG_ANALYZER_NONNULL = YES;
				CLANG_ANALYZER_NUMBER_OBJECT_CONVERSION = YES_AGGRESSIVE;
				CLANG_CXX_LANGUAGE_STANDARD = "gnu++14";
				CLANG_CXX_LIBRARY = "libc++";
				CLANG_ENABLE_MODULES = YES;
				CLANG_ENABLE_OBJC_ARC = YES;
				CLANG_ENABLE_OBJC_WEAK = YES;
				CLANG_WARN_BLOCK_CAPTURE_AUTORELEASING = YES;
				CLANG_WARN_BOOL_CONVERSION = YES;
				CLANG_WARN_COMMA = YES;
				CLANG_WARN_CONSTANT_CONVERSION = YES;
				CLANG_WARN_DEPRECATED_OBJC_IMPLEMENTATIONS = YES;
				CLANG_WARN_DIRECT_OBJC_ISA_USAGE = YES_ERROR;
				CLANG_WARN_DOCUMENTATION_COMMENTS = YES;
				CLANG_WARN_EMPTY_BODY = YES;
				CLANG_WARN_ENUM_CONVERSION = YES;
				CLANG_WARN_INFINITE_RECURSION = YES;
				CLANG_WARN_INT_CONVERSION = YES;
				CLANG_WARN_NON_LITERAL_NULL_CONVERSION = YES;
				CLANG_WARN_OBJC_IMPLICIT_RETAIN_SELF = YES;
				CLANG_WARN_OBJC_LITERAL_CONVERSION = YES;
				CLANG_WARN_OBJC_ROOT_CLASS = YES_ERROR;
				CLANG_WARN_RANGE_LOOP_ANALYSIS = YES;
				CLANG_WARN_STRICT_PROTOTYPES = YES;
				CLANG_WARN_SUSPICIOUS_MOVE = YES;
				CLANG_WARN_UNGUARDED_AVAILABILITY = YES_AGGRESSIVE;
				CLANG_WARN_UNREACHABLE_CODE = YES;
				CLANG_WARN__DUPLICATE_METHOD_MATCH = YES;
				CODE_SIGN_IDENTITY = "iPhone Developer";
				COPY_PHASE_STRIP = NO;
				DEBUG_INFORMATION_FORMAT = "dwarf-with-dsym";
				ENABLE_NS_ASSERTIONS = NO;
				ENABLE_STRICT_OBJC_MSGSEND = YES;
				GCC_C_LANGUAGE_STANDARD = gnu11;
				GCC_NO_COMMON_BLOCKS = YES;
				GCC_WARN_64_TO_32_BIT_CONVERSION = YES;
				GCC_WARN_ABOUT_RETURN_TYPE = YES_ERROR;
				GCC_WARN_UNDECLARED_SELECTOR = YES;
				GCC_WARN_UNINITIALIZED_AUTOS = YES_AGGRESSIVE;
				GCC_WARN_UNUSED_FUNCTION = YES;
				GCC_WARN_UNUSED_VARIABLE = YES;
				IPHONEOS_DEPLOYMENT_TARGET = 12.1;
				MTL_ENABLE_DEBUG_INFO = NO;
				MTL_FAST_MATH = YES;
				SDKROOT = iphoneos;
				SWIFT_COMPILATION_MODE = wholemodule;
				SWIFT_OPTIMIZATION_LEVEL = "-O";
				VALIDATE_PRODUCT = YES;
			};
			name = Release;
		};
		67936AAF220DE42300D362E9 /* Debug */ = {
			isa = XCBuildConfiguration;
			baseConfigurationReference = B51924B4FD362E5CDBB563EE /* Pods-MobileCI.debug.xcconfig */;
			buildSettings = {
				ASSETCATALOG_COMPILER_APPICON_NAME = AppIcon;
				BUNDLE_LOADER = "";
				CODE_SIGN_IDENTITY = "iPhone Developer";
				CODE_SIGN_STYLE = Automatic;
				DEBUG_INFORMATION_FORMAT = "dwarf-with-dsym";
				DEVELOPMENT_TEAM = NH8WPPSQJN;
				INFOPLIST_FILE = "MobileCI/Supporting Files/Info.plist";
				IPHONEOS_DEPLOYMENT_TARGET = 13.1;
				LD_RUNPATH_SEARCH_PATHS = (
					"$(inherited)",
					"@executable_path/Frameworks",
				);
				PRODUCT_BUNDLE_IDENTIFIER = "hu.dpal-demo.MobileCI";
				PRODUCT_MODULE_NAME = "$(PRODUCT_NAME:c99extidentifier)";
				PRODUCT_NAME = "$(TARGET_NAME)";
				PROVISIONING_PROFILE_SPECIFIER = "";
				SUFFIX = "";
				SWIFT_VERSION = 5.0;
				TARGETED_DEVICE_FAMILY = "1,2";
			};
			name = Debug;
		};
		67936AB0220DE42300D362E9 /* Release */ = {
			isa = XCBuildConfiguration;
			baseConfigurationReference = 77F98A4EF2B730ED47EFC71A /* Pods-MobileCI.release.xcconfig */;
			buildSettings = {
				ASSETCATALOG_COMPILER_APPICON_NAME = AppIcon;
				CODE_SIGN_IDENTITY = "iPhone Distribution";
				CODE_SIGN_STYLE = Manual;
				DEBUG_INFORMATION_FORMAT = "dwarf-with-dsym";
				DEVELOPMENT_TEAM = NH8WPPSQJN;
				INFOPLIST_FILE = "MobileCI/Supporting Files/Info.plist";
				IPHONEOS_DEPLOYMENT_TARGET = 13.1;
				LD_RUNPATH_SEARCH_PATHS = (
					"$(inherited)",
					"@executable_path/Frameworks",
				);
				PRODUCT_BUNDLE_IDENTIFIER = "hu.dpal-demo.MobileCI";
				PRODUCT_MODULE_NAME = "$(PRODUCT_NAME:c99extidentifier)";
				PRODUCT_NAME = "$(TARGET_NAME)$(SUFFIX)";
				PROVISIONING_PROFILE_SPECIFIER = "match AppStore hu.dpal-demo.MobileCI";
				SUFFIX = "";
				SWIFT_VERSION = 5.0;
				TARGETED_DEVICE_FAMILY = "1,2";
			};
			name = Release;
		};
		67936AB2220DE42300D362E9 /* Debug */ = {
			isa = XCBuildConfiguration;
			baseConfigurationReference = A9F0B9509ABDAAE92FA7426E /* Pods-MobileCITests.debug.xcconfig */;
			buildSettings = {
				ALWAYS_EMBED_SWIFT_STANDARD_LIBRARIES = YES;
				BUNDLE_LOADER = "$(TEST_HOST)";
				CODE_SIGN_STYLE = Manual;
				INFOPLIST_FILE = MobileCITests/Info.plist;
				IPHONEOS_DEPLOYMENT_TARGET = 13.1;
				LD_RUNPATH_SEARCH_PATHS = (
					"$(inherited)",
					"@executable_path/Frameworks",
					"@loader_path/Frameworks",
				);
				PRODUCT_BUNDLE_IDENTIFIER = hu.dpal.MobileCITests;
				PRODUCT_NAME = "$(TARGET_NAME)";
				SUFFIX = "";
				SWIFT_VERSION = 5.0;
				TARGETED_DEVICE_FAMILY = "1,2";
				TEST_HOST = "$(BUILT_PRODUCTS_DIR)/MobileCI$(SUFFIX).app/MobileCI$(SUFFIX)";
			};
			name = Debug;
		};
		67936AB3220DE42300D362E9 /* Release */ = {
			isa = XCBuildConfiguration;
			baseConfigurationReference = 092EB376FDDF48601CF17335 /* Pods-MobileCITests.release.xcconfig */;
			buildSettings = {
				ALWAYS_EMBED_SWIFT_STANDARD_LIBRARIES = YES;
				BUNDLE_LOADER = "$(TEST_HOST)";
				CODE_SIGN_STYLE = Manual;
				INFOPLIST_FILE = MobileCITests/Info.plist;
				IPHONEOS_DEPLOYMENT_TARGET = 13.1;
				LD_RUNPATH_SEARCH_PATHS = (
					"$(inherited)",
					"@executable_path/Frameworks",
					"@loader_path/Frameworks",
				);
				PRODUCT_BUNDLE_IDENTIFIER = hu.dpal.MobileCITests;
				PRODUCT_NAME = "$(TARGET_NAME)";
				SUFFIX = "";
				SWIFT_VERSION = 5.0;
				TARGETED_DEVICE_FAMILY = "1,2";
				TEST_HOST = "$(BUILT_PRODUCTS_DIR)/MobileCI$(SUFFIX).app/MobileCI$(SUFFIX)";
			};
			name = Release;
		};
		67936AB5220DE42300D362E9 /* Debug */ = {
			isa = XCBuildConfiguration;
			baseConfigurationReference = 85FD42BC41D8EB47EA75CA04 /* Pods-MobileCIUITests.debug.xcconfig */;
			buildSettings = {
				ALWAYS_EMBED_SWIFT_STANDARD_LIBRARIES = YES;
				CLANG_ENABLE_MODULES = YES;
				CODE_SIGN_STYLE = Manual;
				DEFINES_MODULE = YES;
				INFOPLIST_FILE = MobileCIUITests/Info.plist;
				IPHONEOS_DEPLOYMENT_TARGET = 13.1;
				LD_RUNPATH_SEARCH_PATHS = (
					"$(inherited)",
					"@executable_path/Frameworks",
					"@loader_path/Frameworks",
				);
				PRODUCT_BUNDLE_IDENTIFIER = hu.dpal.MobileCIUITests;
				PRODUCT_NAME = "$(TARGET_NAME)";
				SWIFT_OBJC_BRIDGING_HEADER = "MobileCIUITests/MobileCIUITests-Bridging-Header.h";
				SWIFT_OPTIMIZATION_LEVEL = "-Onone";
				SWIFT_VERSION = 5.0;
				TARGETED_DEVICE_FAMILY = "1,2";
				TEST_TARGET_NAME = MobileCI;
			};
			name = Debug;
		};
		67936AB6220DE42300D362E9 /* Release */ = {
			isa = XCBuildConfiguration;
			baseConfigurationReference = 8BFF7B1082FF12146F6FBAC9 /* Pods-MobileCIUITests.release.xcconfig */;
			buildSettings = {
				ALWAYS_EMBED_SWIFT_STANDARD_LIBRARIES = YES;
				CLANG_ENABLE_MODULES = YES;
				CODE_SIGN_STYLE = Manual;
				DEFINES_MODULE = YES;
				ENABLE_TESTABILITY = NO;
				INFOPLIST_FILE = MobileCIUITests/Info.plist;
				IPHONEOS_DEPLOYMENT_TARGET = 13.1;
				LD_RUNPATH_SEARCH_PATHS = (
					"$(inherited)",
					"@executable_path/Frameworks",
					"@loader_path/Frameworks",
				);
				PRODUCT_BUNDLE_IDENTIFIER = hu.dpal.MobileCIUITests;
				PRODUCT_NAME = "$(TARGET_NAME)";
				SWIFT_OBJC_BRIDGING_HEADER = "MobileCIUITests/MobileCIUITests-Bridging-Header.h";
				SWIFT_VERSION = 5.0;
				TARGETED_DEVICE_FAMILY = "1,2";
				TEST_TARGET_NAME = MobileCI;
			};
			name = Release;
		};
/* End XCBuildConfiguration section */

/* Begin XCConfigurationList section */
		67936A81220DE42200D362E9 /* Build configuration list for PBXProject "MobileCI" */ = {
			isa = XCConfigurationList;
			buildConfigurations = (
				67936AAC220DE42300D362E9 /* Debug */,
				672976EC22989D6E00EC3181 /* Debug-TEST */,
				672976E822989D6300EC3181 /* Debug-DEV */,
				672976E022989D4200EC3181 /* Debug-MOCK */,
				67936AAD220DE42300D362E9 /* Release */,
				672976F822989D9B00EC3181 /* Release-TEST */,
				672976F422989D8700EC3181 /* Release-DEV */,
				672976F022989D7D00EC3181 /* Release-MOCK */,
			);
			defaultConfigurationIsVisible = 0;
			defaultConfigurationName = Release;
		};
		67936AAE220DE42300D362E9 /* Build configuration list for PBXNativeTarget "MobileCI" */ = {
			isa = XCConfigurationList;
			buildConfigurations = (
				67936AAF220DE42300D362E9 /* Debug */,
				672976ED22989D6E00EC3181 /* Debug-TEST */,
				672976E922989D6300EC3181 /* Debug-DEV */,
				672976E122989D4200EC3181 /* Debug-MOCK */,
				67936AB0220DE42300D362E9 /* Release */,
				672976F922989D9B00EC3181 /* Release-TEST */,
				672976F522989D8700EC3181 /* Release-DEV */,
				672976F122989D7D00EC3181 /* Release-MOCK */,
			);
			defaultConfigurationIsVisible = 0;
			defaultConfigurationName = Release;
		};
		67936AB1220DE42300D362E9 /* Build configuration list for PBXNativeTarget "MobileCITests" */ = {
			isa = XCConfigurationList;
			buildConfigurations = (
				67936AB2220DE42300D362E9 /* Debug */,
				672976EE22989D6E00EC3181 /* Debug-TEST */,
				672976EA22989D6300EC3181 /* Debug-DEV */,
				672976E222989D4200EC3181 /* Debug-MOCK */,
				67936AB3220DE42300D362E9 /* Release */,
				672976FA22989D9B00EC3181 /* Release-TEST */,
				672976F622989D8700EC3181 /* Release-DEV */,
				672976F222989D7D00EC3181 /* Release-MOCK */,
			);
			defaultConfigurationIsVisible = 0;
			defaultConfigurationName = Release;
		};
		67936AB4220DE42300D362E9 /* Build configuration list for PBXNativeTarget "MobileCIUITests" */ = {
			isa = XCConfigurationList;
			buildConfigurations = (
				67936AB5220DE42300D362E9 /* Debug */,
				672976EF22989D6E00EC3181 /* Debug-TEST */,
				672976EB22989D6300EC3181 /* Debug-DEV */,
				672976E322989D4200EC3181 /* Debug-MOCK */,
				67936AB6220DE42300D362E9 /* Release */,
				672976FB22989D9B00EC3181 /* Release-TEST */,
				672976F722989D8700EC3181 /* Release-DEV */,
				672976F322989D7D00EC3181 /* Release-MOCK */,
			);
			defaultConfigurationIsVisible = 0;
			defaultConfigurationName = Release;
		};
/* End XCConfigurationList section */
	};
	rootObject = 67936A7E220DE42200D362E9 /* Project object */;
}
